// !$*UTF8*$!
{
	archiveVersion = 1;
	classes = {
	};
	objectVersion = 46;
	objects = {

/* Begin PBXBuildFile section */
		B3A0CF551B7BEFD400434ADF /* AppDelegate.m in Sources */ = {isa = PBXBuildFile; fileRef = B3A0CF541B7BEFD400434ADF /* AppDelegate.m */; };
		B3A0CF561B7BEFD400434ADF /* AppDelegate.m in Sources */ = {isa = PBXBuildFile; fileRef = B3A0CF541B7BEFD400434ADF /* AppDelegate.m */; };
		B3A0CF581B7BF00200434ADF /* Images.xcassets in Resources */ = {isa = PBXBuildFile; fileRef = B3A0CF571B7BF00200434ADF /* Images.xcassets */; };
		B3A0CF591B7BF00200434ADF /* Images.xcassets in Resources */ = {isa = PBXBuildFile; fileRef = B3A0CF571B7BF00200434ADF /* Images.xcassets */; };
		B3A0CF5F1B7BF09300434ADF /* LaunchScreen.xib in Resources */ = {isa = PBXBuildFile; fileRef = B3A0CF5A1B7BF09300434ADF /* LaunchScreen.xib */; };
		B3A0CF611B7BF09300434ADF /* Main.storyboard in Resources */ = {isa = PBXBuildFile; fileRef = B3A0CF5C1B7BF09300434ADF /* Main.storyboard */; };
		B3A0CF661B7BF0C100434ADF /* main.m in Sources */ = {isa = PBXBuildFile; fileRef = B3A0CF651B7BF0C100434ADF /* main.m */; };
		B3A0CF671B7BF0C100434ADF /* main.m in Sources */ = {isa = PBXBuildFile; fileRef = B3A0CF651B7BF0C100434ADF /* main.m */; };
		B3A0CF6A1B7BF0F500434ADF /* SMXMLDocument.m in Sources */ = {isa = PBXBuildFile; fileRef = B3A0CF691B7BF0F500434ADF /* SMXMLDocument.m */; };
		B3A0CF6B1B7BF0F500434ADF /* SMXMLDocument.m in Sources */ = {isa = PBXBuildFile; fileRef = B3A0CF691B7BF0F500434ADF /* SMXMLDocument.m */; };
		B3A0CF851B7BF11800434ADF /* NSObject+SBJson.m in Sources */ = {isa = PBXBuildFile; fileRef = B3A0CF6D1B7BF11800434ADF /* NSObject+SBJson.m */; };
		B3A0CF861B7BF11800434ADF /* NSObject+SBJson.m in Sources */ = {isa = PBXBuildFile; fileRef = B3A0CF6D1B7BF11800434ADF /* NSObject+SBJson.m */; };
		B3A0CF871B7BF11800434ADF /* SBJsonParser.m in Sources */ = {isa = PBXBuildFile; fileRef = B3A0CF701B7BF11800434ADF /* SBJsonParser.m */; };
		B3A0CF881B7BF11800434ADF /* SBJsonParser.m in Sources */ = {isa = PBXBuildFile; fileRef = B3A0CF701B7BF11800434ADF /* SBJsonParser.m */; };
		B3A0CF891B7BF11800434ADF /* SBJsonStreamParser.m in Sources */ = {isa = PBXBuildFile; fileRef = B3A0CF721B7BF11800434ADF /* SBJsonStreamParser.m */; };
		B3A0CF8A1B7BF11800434ADF /* SBJsonStreamParser.m in Sources */ = {isa = PBXBuildFile; fileRef = B3A0CF721B7BF11800434ADF /* SBJsonStreamParser.m */; };
		B3A0CF8B1B7BF11800434ADF /* SBJsonStreamParserAccumulator.m in Sources */ = {isa = PBXBuildFile; fileRef = B3A0CF741B7BF11800434ADF /* SBJsonStreamParserAccumulator.m */; };
		B3A0CF8C1B7BF11800434ADF /* SBJsonStreamParserAccumulator.m in Sources */ = {isa = PBXBuildFile; fileRef = B3A0CF741B7BF11800434ADF /* SBJsonStreamParserAccumulator.m */; };
		B3A0CF8D1B7BF11800434ADF /* SBJsonStreamParserAdapter.m in Sources */ = {isa = PBXBuildFile; fileRef = B3A0CF761B7BF11800434ADF /* SBJsonStreamParserAdapter.m */; };
		B3A0CF8E1B7BF11800434ADF /* SBJsonStreamParserAdapter.m in Sources */ = {isa = PBXBuildFile; fileRef = B3A0CF761B7BF11800434ADF /* SBJsonStreamParserAdapter.m */; };
		B3A0CF8F1B7BF11800434ADF /* SBJsonStreamParserState.m in Sources */ = {isa = PBXBuildFile; fileRef = B3A0CF781B7BF11800434ADF /* SBJsonStreamParserState.m */; };
		B3A0CF901B7BF11800434ADF /* SBJsonStreamParserState.m in Sources */ = {isa = PBXBuildFile; fileRef = B3A0CF781B7BF11800434ADF /* SBJsonStreamParserState.m */; };
		B3A0CF911B7BF11800434ADF /* SBJsonStreamWriter.m in Sources */ = {isa = PBXBuildFile; fileRef = B3A0CF7A1B7BF11800434ADF /* SBJsonStreamWriter.m */; };
		B3A0CF921B7BF11800434ADF /* SBJsonStreamWriter.m in Sources */ = {isa = PBXBuildFile; fileRef = B3A0CF7A1B7BF11800434ADF /* SBJsonStreamWriter.m */; };
		B3A0CF931B7BF11800434ADF /* SBJsonStreamWriterAccumulator.m in Sources */ = {isa = PBXBuildFile; fileRef = B3A0CF7C1B7BF11800434ADF /* SBJsonStreamWriterAccumulator.m */; };
		B3A0CF941B7BF11800434ADF /* SBJsonStreamWriterAccumulator.m in Sources */ = {isa = PBXBuildFile; fileRef = B3A0CF7C1B7BF11800434ADF /* SBJsonStreamWriterAccumulator.m */; };
		B3A0CF951B7BF11800434ADF /* SBJsonStreamWriterState.m in Sources */ = {isa = PBXBuildFile; fileRef = B3A0CF7E1B7BF11800434ADF /* SBJsonStreamWriterState.m */; };
		B3A0CF961B7BF11800434ADF /* SBJsonStreamWriterState.m in Sources */ = {isa = PBXBuildFile; fileRef = B3A0CF7E1B7BF11800434ADF /* SBJsonStreamWriterState.m */; };
		B3A0CF971B7BF11800434ADF /* SBJsonTokeniser.m in Sources */ = {isa = PBXBuildFile; fileRef = B3A0CF801B7BF11800434ADF /* SBJsonTokeniser.m */; };
		B3A0CF981B7BF11800434ADF /* SBJsonTokeniser.m in Sources */ = {isa = PBXBuildFile; fileRef = B3A0CF801B7BF11800434ADF /* SBJsonTokeniser.m */; };
		B3A0CF991B7BF11800434ADF /* SBJsonUTF8Stream.m in Sources */ = {isa = PBXBuildFile; fileRef = B3A0CF821B7BF11800434ADF /* SBJsonUTF8Stream.m */; };
		B3A0CF9A1B7BF11800434ADF /* SBJsonUTF8Stream.m in Sources */ = {isa = PBXBuildFile; fileRef = B3A0CF821B7BF11800434ADF /* SBJsonUTF8Stream.m */; };
		B3A0CF9B1B7BF11800434ADF /* SBJsonWriter.m in Sources */ = {isa = PBXBuildFile; fileRef = B3A0CF841B7BF11800434ADF /* SBJsonWriter.m */; };
		B3A0CF9C1B7BF11800434ADF /* SBJsonWriter.m in Sources */ = {isa = PBXBuildFile; fileRef = B3A0CF841B7BF11800434ADF /* SBJsonWriter.m */; };
		B3A0CF9F1B7BF14900434ADF /* ViewController.m in Sources */ = {isa = PBXBuildFile; fileRef = B3A0CF9E1B7BF14900434ADF /* ViewController.m */; };
		B3A0CFA01B7BF14900434ADF /* ViewController.m in Sources */ = {isa = PBXBuildFile; fileRef = B3A0CF9E1B7BF14900434ADF /* ViewController.m */; };
		B3A0CFA31B7BF1B400434ADF /* Utils.m in Sources */ = {isa = PBXBuildFile; fileRef = B3A0CFA21B7BF1B400434ADF /* Utils.m */; };
		B3A0CFA41B7BF1B400434ADF /* Utils.m in Sources */ = {isa = PBXBuildFile; fileRef = B3A0CFA21B7BF1B400434ADF /* Utils.m */; };
		B3A0CFAD1B7BF1D400434ADF /* HttpAsyncHelper.m in Sources */ = {isa = PBXBuildFile; fileRef = B3A0CFA61B7BF1D400434ADF /* HttpAsyncHelper.m */; };
		B3A0CFAE1B7BF1D400434ADF /* HttpAsyncHelper.m in Sources */ = {isa = PBXBuildFile; fileRef = B3A0CFA61B7BF1D400434ADF /* HttpAsyncHelper.m */; };
		B3A0CFAF1B7BF1D400434ADF /* HttpHelper.m in Sources */ = {isa = PBXBuildFile; fileRef = B3A0CFA91B7BF1D400434ADF /* HttpHelper.m */; };
		B3A0CFB01B7BF1D400434ADF /* HttpHelper.m in Sources */ = {isa = PBXBuildFile; fileRef = B3A0CFA91B7BF1D400434ADF /* HttpHelper.m */; };
		B3A0CFB11B7BF1D400434ADF /* TransacaoUtil.m in Sources */ = {isa = PBXBuildFile; fileRef = B3A0CFAC1B7BF1D400434ADF /* TransacaoUtil.m */; };
		B3A0CFB21B7BF1D400434ADF /* TransacaoUtil.m in Sources */ = {isa = PBXBuildFile; fileRef = B3A0CFAC1B7BF1D400434ADF /* TransacaoUtil.m */; };
		B3A0CFBD1B7BF44900434ADF /* Loyalty.xcdatamodeld in Sources */ = {isa = PBXBuildFile; fileRef = B3A0CFBA1B7BF44900434ADF /* Loyalty.xcdatamodeld */; };
		B3A0CFC21B7BF55000434ADF /* Info.plist in Resources */ = {isa = PBXBuildFile; fileRef = B3A0CFC11B7BF55000434ADF /* Info.plist */; };
		B3A0CFC31B7BF55000434ADF /* Info.plist in Resources */ = {isa = PBXBuildFile; fileRef = B3A0CFC11B7BF55000434ADF /* Info.plist */; };
		B3A0CFC41B7BF67400434ADF /* Main.storyboard in Resources */ = {isa = PBXBuildFile; fileRef = B3A0CF5C1B7BF09300434ADF /* Main.storyboard */; };
		B3A0CFC51B7BF68B00434ADF /* LaunchScreen.xib in Resources */ = {isa = PBXBuildFile; fileRef = B3A0CF5A1B7BF09300434ADF /* LaunchScreen.xib */; };
		B3D425921B7BD7F400B36F3C /* UIKit.framework in Frameworks */ = {isa = PBXBuildFile; fileRef = B3D425911B7BD7F400B36F3C /* UIKit.framework */; };
		B3D425951B7BD87900B36F3C /* Foundation.framework in Frameworks */ = {isa = PBXBuildFile; fileRef = B3D425941B7BD87900B36F3C /* Foundation.framework */; };
		B3D425971B7BD8DA00B36F3C /* CoreLocation.framework in Frameworks */ = {isa = PBXBuildFile; fileRef = B3D425961B7BD8DA00B36F3C /* CoreLocation.framework */; };
		B3D425991B7BD92A00B36F3C /* CoreGraphics.framework in Frameworks */ = {isa = PBXBuildFile; fileRef = B3D425981B7BD92A00B36F3C /* CoreGraphics.framework */; };
		B3D4259A1B7BD9CA00B36F3C /* CoreLocation.framework in Frameworks */ = {isa = PBXBuildFile; fileRef = B3D425961B7BD8DA00B36F3C /* CoreLocation.framework */; };
		B3D4259B1B7BD9D100B36F3C /* CoreGraphics.framework in Frameworks */ = {isa = PBXBuildFile; fileRef = B3D425981B7BD92A00B36F3C /* CoreGraphics.framework */; };
		B3D4259C1B7BD9DC00B36F3C /* UIKit.framework in Frameworks */ = {isa = PBXBuildFile; fileRef = B3D425911B7BD7F400B36F3C /* UIKit.framework */; };
		B3D4259D1B7BD9E900B36F3C /* Foundation.framework in Frameworks */ = {isa = PBXBuildFile; fileRef = B3D425941B7BD87900B36F3C /* Foundation.framework */; };
/* End PBXBuildFile section */

/* Begin PBXFileReference section */
		B38275051B7BC5B200737A3D /* Loyalty.app */ = {isa = PBXFileReference; explicitFileType = wrapper.application; includeInIndex = 0; path = Loyalty.app; sourceTree = BUILT_PRODUCTS_DIR; };
		B3A0CF531B7BEFD400434ADF /* AppDelegate.h */ = {isa = PBXFileReference; fileEncoding = 4; lastKnownFileType = sourcecode.c.h; name = AppDelegate.h; path = Loyalty/AppDelegate.h; sourceTree = SOURCE_ROOT; };
		B3A0CF541B7BEFD400434ADF /* AppDelegate.m */ = {isa = PBXFileReference; fileEncoding = 4; lastKnownFileType = sourcecode.c.objc; name = AppDelegate.m; path = Loyalty/AppDelegate.m; sourceTree = SOURCE_ROOT; };
		B3A0CF571B7BF00200434ADF /* Images.xcassets */ = {isa = PBXFileReference; lastKnownFileType = folder.assetcatalog; name = Images.xcassets; path = Loyalty/Images.xcassets; sourceTree = SOURCE_ROOT; };
		B3A0CF5B1B7BF09300434ADF /* Base */ = {isa = PBXFileReference; lastKnownFileType = file.xib; name = Base; path = Loyalty/Base.lproj/LaunchScreen.xib; sourceTree = SOURCE_ROOT; };
		B3A0CF5D1B7BF09300434ADF /* Base */ = {isa = PBXFileReference; lastKnownFileType = file.storyboard; name = Base; path = Loyalty/Base.lproj/Main.storyboard; sourceTree = SOURCE_ROOT; };
		B3A0CF651B7BF0C100434ADF /* main.m */ = {isa = PBXFileReference; fileEncoding = 4; lastKnownFileType = sourcecode.c.objc; name = main.m; path = Loyalty/main.m; sourceTree = SOURCE_ROOT; };
		B3A0CF681B7BF0F500434ADF /* SMXMLDocument.h */ = {isa = PBXFileReference; fileEncoding = 4; lastKnownFileType = sourcecode.c.h; name = SMXMLDocument.h; path = Loyalty/Classes/Libs/XMLDocument/SMXMLDocument.h; sourceTree = SOURCE_ROOT; };
		B3A0CF691B7BF0F500434ADF /* SMXMLDocument.m */ = {isa = PBXFileReference; fileEncoding = 4; lastKnownFileType = sourcecode.c.objc; name = SMXMLDocument.m; path = Loyalty/Classes/Libs/XMLDocument/SMXMLDocument.m; sourceTree = SOURCE_ROOT; };
		B3A0CF6C1B7BF11800434ADF /* NSObject+SBJson.h */ = {isa = PBXFileReference; fileEncoding = 4; lastKnownFileType = sourcecode.c.h; name = "NSObject+SBJson.h"; path = "Loyalty/Classes/Libs/JSON-Framework/NSObject+SBJson.h"; sourceTree = SOURCE_ROOT; };
		B3A0CF6D1B7BF11800434ADF /* NSObject+SBJson.m */ = {isa = PBXFileReference; fileEncoding = 4; lastKnownFileType = sourcecode.c.objc; name = "NSObject+SBJson.m"; path = "Loyalty/Classes/Libs/JSON-Framework/NSObject+SBJson.m"; sourceTree = SOURCE_ROOT; };
		B3A0CF6E1B7BF11800434ADF /* SBJson.h */ = {isa = PBXFileReference; fileEncoding = 4; lastKnownFileType = sourcecode.c.h; name = SBJson.h; path = "Loyalty/Classes/Libs/JSON-Framework/SBJson.h"; sourceTree = SOURCE_ROOT; };
		B3A0CF6F1B7BF11800434ADF /* SBJsonParser.h */ = {isa = PBXFileReference; fileEncoding = 4; lastKnownFileType = sourcecode.c.h; name = SBJsonParser.h; path = "Loyalty/Classes/Libs/JSON-Framework/SBJsonParser.h"; sourceTree = SOURCE_ROOT; };
		B3A0CF701B7BF11800434ADF /* SBJsonParser.m */ = {isa = PBXFileReference; fileEncoding = 4; lastKnownFileType = sourcecode.c.objc; name = SBJsonParser.m; path = "Loyalty/Classes/Libs/JSON-Framework/SBJsonParser.m"; sourceTree = SOURCE_ROOT; };
		B3A0CF711B7BF11800434ADF /* SBJsonStreamParser.h */ = {isa = PBXFileReference; fileEncoding = 4; lastKnownFileType = sourcecode.c.h; name = SBJsonStreamParser.h; path = "Loyalty/Classes/Libs/JSON-Framework/SBJsonStreamParser.h"; sourceTree = SOURCE_ROOT; };
		B3A0CF721B7BF11800434ADF /* SBJsonStreamParser.m */ = {isa = PBXFileReference; fileEncoding = 4; lastKnownFileType = sourcecode.c.objc; name = SBJsonStreamParser.m; path = "Loyalty/Classes/Libs/JSON-Framework/SBJsonStreamParser.m"; sourceTree = SOURCE_ROOT; };
		B3A0CF731B7BF11800434ADF /* SBJsonStreamParserAccumulator.h */ = {isa = PBXFileReference; fileEncoding = 4; lastKnownFileType = sourcecode.c.h; name = SBJsonStreamParserAccumulator.h; path = "Loyalty/Classes/Libs/JSON-Framework/SBJsonStreamParserAccumulator.h"; sourceTree = SOURCE_ROOT; };
		B3A0CF741B7BF11800434ADF /* SBJsonStreamParserAccumulator.m */ = {isa = PBXFileReference; fileEncoding = 4; lastKnownFileType = sourcecode.c.objc; name = SBJsonStreamParserAccumulator.m; path = "Loyalty/Classes/Libs/JSON-Framework/SBJsonStreamParserAccumulator.m"; sourceTree = SOURCE_ROOT; };
		B3A0CF751B7BF11800434ADF /* SBJsonStreamParserAdapter.h */ = {isa = PBXFileReference; fileEncoding = 4; lastKnownFileType = sourcecode.c.h; name = SBJsonStreamParserAdapter.h; path = "Loyalty/Classes/Libs/JSON-Framework/SBJsonStreamParserAdapter.h"; sourceTree = SOURCE_ROOT; };
		B3A0CF761B7BF11800434ADF /* SBJsonStreamParserAdapter.m */ = {isa = PBXFileReference; fileEncoding = 4; lastKnownFileType = sourcecode.c.objc; name = SBJsonStreamParserAdapter.m; path = "Loyalty/Classes/Libs/JSON-Framework/SBJsonStreamParserAdapter.m"; sourceTree = SOURCE_ROOT; };
		B3A0CF771B7BF11800434ADF /* SBJsonStreamParserState.h */ = {isa = PBXFileReference; fileEncoding = 4; lastKnownFileType = sourcecode.c.h; name = SBJsonStreamParserState.h; path = "Loyalty/Classes/Libs/JSON-Framework/SBJsonStreamParserState.h"; sourceTree = SOURCE_ROOT; };
		B3A0CF781B7BF11800434ADF /* SBJsonStreamParserState.m */ = {isa = PBXFileReference; fileEncoding = 4; lastKnownFileType = sourcecode.c.objc; name = SBJsonStreamParserState.m; path = "Loyalty/Classes/Libs/JSON-Framework/SBJsonStreamParserState.m"; sourceTree = SOURCE_ROOT; };
		B3A0CF791B7BF11800434ADF /* SBJsonStreamWriter.h */ = {isa = PBXFileReference; fileEncoding = 4; lastKnownFileType = sourcecode.c.h; name = SBJsonStreamWriter.h; path = "Loyalty/Classes/Libs/JSON-Framework/SBJsonStreamWriter.h"; sourceTree = SOURCE_ROOT; };
		B3A0CF7A1B7BF11800434ADF /* SBJsonStreamWriter.m */ = {isa = PBXFileReference; fileEncoding = 4; lastKnownFileType = sourcecode.c.objc; name = SBJsonStreamWriter.m; path = "Loyalty/Classes/Libs/JSON-Framework/SBJsonStreamWriter.m"; sourceTree = SOURCE_ROOT; };
		B3A0CF7B1B7BF11800434ADF /* SBJsonStreamWriterAccumulator.h */ = {isa = PBXFileReference; fileEncoding = 4; lastKnownFileType = sourcecode.c.h; name = SBJsonStreamWriterAccumulator.h; path = "Loyalty/Classes/Libs/JSON-Framework/SBJsonStreamWriterAccumulator.h"; sourceTree = SOURCE_ROOT; };
		B3A0CF7C1B7BF11800434ADF /* SBJsonStreamWriterAccumulator.m */ = {isa = PBXFileReference; fileEncoding = 4; lastKnownFileType = sourcecode.c.objc; name = SBJsonStreamWriterAccumulator.m; path = "Loyalty/Classes/Libs/JSON-Framework/SBJsonStreamWriterAccumulator.m"; sourceTree = SOURCE_ROOT; };
		B3A0CF7D1B7BF11800434ADF /* SBJsonStreamWriterState.h */ = {isa = PBXFileReference; fileEncoding = 4; lastKnownFileType = sourcecode.c.h; name = SBJsonStreamWriterState.h; path = "Loyalty/Classes/Libs/JSON-Framework/SBJsonStreamWriterState.h"; sourceTree = SOURCE_ROOT; };
		B3A0CF7E1B7BF11800434ADF /* SBJsonStreamWriterState.m */ = {isa = PBXFileReference; fileEncoding = 4; lastKnownFileType = sourcecode.c.objc; name = SBJsonStreamWriterState.m; path = "Loyalty/Classes/Libs/JSON-Framework/SBJsonStreamWriterState.m"; sourceTree = SOURCE_ROOT; };
		B3A0CF7F1B7BF11800434ADF /* SBJsonTokeniser.h */ = {isa = PBXFileReference; fileEncoding = 4; lastKnownFileType = sourcecode.c.h; name = SBJsonTokeniser.h; path = "Loyalty/Classes/Libs/JSON-Framework/SBJsonTokeniser.h"; sourceTree = SOURCE_ROOT; };
		B3A0CF801B7BF11800434ADF /* SBJsonTokeniser.m */ = {isa = PBXFileReference; fileEncoding = 4; lastKnownFileType = sourcecode.c.objc; name = SBJsonTokeniser.m; path = "Loyalty/Classes/Libs/JSON-Framework/SBJsonTokeniser.m"; sourceTree = SOURCE_ROOT; };
		B3A0CF811B7BF11800434ADF /* SBJsonUTF8Stream.h */ = {isa = PBXFileReference; fileEncoding = 4; lastKnownFileType = sourcecode.c.h; name = SBJsonUTF8Stream.h; path = "Loyalty/Classes/Libs/JSON-Framework/SBJsonUTF8Stream.h"; sourceTree = SOURCE_ROOT; };
		B3A0CF821B7BF11800434ADF /* SBJsonUTF8Stream.m */ = {isa = PBXFileReference; fileEncoding = 4; lastKnownFileType = sourcecode.c.objc; name = SBJsonUTF8Stream.m; path = "Loyalty/Classes/Libs/JSON-Framework/SBJsonUTF8Stream.m"; sourceTree = SOURCE_ROOT; };
		B3A0CF831B7BF11800434ADF /* SBJsonWriter.h */ = {isa = PBXFileReference; fileEncoding = 4; lastKnownFileType = sourcecode.c.h; name = SBJsonWriter.h; path = "Loyalty/Classes/Libs/JSON-Framework/SBJsonWriter.h"; sourceTree = SOURCE_ROOT; };
		B3A0CF841B7BF11800434ADF /* SBJsonWriter.m */ = {isa = PBXFileReference; fileEncoding = 4; lastKnownFileType = sourcecode.c.objc; name = SBJsonWriter.m; path = "Loyalty/Classes/Libs/JSON-Framework/SBJsonWriter.m"; sourceTree = SOURCE_ROOT; };
		B3A0CF9D1B7BF14900434ADF /* ViewController.h */ = {isa = PBXFileReference; fileEncoding = 4; lastKnownFileType = sourcecode.c.h; name = ViewController.h; path = Loyalty/Classes/Controllers/ViewController.h; sourceTree = SOURCE_ROOT; };
		B3A0CF9E1B7BF14900434ADF /* ViewController.m */ = {isa = PBXFileReference; fileEncoding = 4; lastKnownFileType = sourcecode.c.objc; name = ViewController.m; path = Loyalty/Classes/Controllers/ViewController.m; sourceTree = SOURCE_ROOT; };
		B3A0CFA11B7BF1B400434ADF /* Utils.h */ = {isa = PBXFileReference; fileEncoding = 4; lastKnownFileType = sourcecode.c.h; name = Utils.h; path = Loyalty/Classes/Utils/Utils.h; sourceTree = SOURCE_ROOT; };
		B3A0CFA21B7BF1B400434ADF /* Utils.m */ = {isa = PBXFileReference; fileEncoding = 4; lastKnownFileType = sourcecode.c.objc; name = Utils.m; path = Loyalty/Classes/Utils/Utils.m; sourceTree = SOURCE_ROOT; };
		B3A0CFA51B7BF1D400434ADF /* HttpAsyncHelper.h */ = {isa = PBXFileReference; fileEncoding = 4; lastKnownFileType = sourcecode.c.h; name = HttpAsyncHelper.h; path = Loyalty/Classes/Utils/Http/HttpAsyncHelper.h; sourceTree = SOURCE_ROOT; };
		B3A0CFA61B7BF1D400434ADF /* HttpAsyncHelper.m */ = {isa = PBXFileReference; fileEncoding = 4; lastKnownFileType = sourcecode.c.objc; name = HttpAsyncHelper.m; path = Loyalty/Classes/Utils/Http/HttpAsyncHelper.m; sourceTree = SOURCE_ROOT; };
		B3A0CFA71B7BF1D400434ADF /* HttpAsyncHelperDelegate.h */ = {isa = PBXFileReference; fileEncoding = 4; lastKnownFileType = sourcecode.c.h; name = HttpAsyncHelperDelegate.h; path = Loyalty/Classes/Utils/Http/HttpAsyncHelperDelegate.h; sourceTree = SOURCE_ROOT; };
		B3A0CFA81B7BF1D400434ADF /* HttpHelper.h */ = {isa = PBXFileReference; fileEncoding = 4; lastKnownFileType = sourcecode.c.h; name = HttpHelper.h; path = Loyalty/Classes/Utils/Http/HttpHelper.h; sourceTree = SOURCE_ROOT; };
		B3A0CFA91B7BF1D400434ADF /* HttpHelper.m */ = {isa = PBXFileReference; fileEncoding = 4; lastKnownFileType = sourcecode.c.objc; name = HttpHelper.m; path = Loyalty/Classes/Utils/Http/HttpHelper.m; sourceTree = SOURCE_ROOT; };
		B3A0CFAA1B7BF1D400434ADF /* Transacao.h */ = {isa = PBXFileReference; fileEncoding = 4; lastKnownFileType = sourcecode.c.h; name = Transacao.h; path = Loyalty/Classes/Utils/Http/Transacao.h; sourceTree = SOURCE_ROOT; };
		B3A0CFAB1B7BF1D400434ADF /* TransacaoUtil.h */ = {isa = PBXFileReference; fileEncoding = 4; lastKnownFileType = sourcecode.c.h; name = TransacaoUtil.h; path = Loyalty/Classes/Utils/Http/TransacaoUtil.h; sourceTree = SOURCE_ROOT; };
		B3A0CFAC1B7BF1D400434ADF /* TransacaoUtil.m */ = {isa = PBXFileReference; fileEncoding = 4; lastKnownFileType = sourcecode.c.objc; name = TransacaoUtil.m; path = Loyalty/Classes/Utils/Http/TransacaoUtil.m; sourceTree = SOURCE_ROOT; };
		B3A0CFBB1B7BF44900434ADF /* Loyalty.xcdatamodel */ = {isa = PBXFileReference; lastKnownFileType = wrapper.xcdatamodel; path = Loyalty.xcdatamodel; sourceTree = "<group>"; };
		B3A0CFC11B7BF55000434ADF /* Info.plist */ = {isa = PBXFileReference; fileEncoding = 4; lastKnownFileType = text.plist.xml; name = Info.plist; path = Loyalty/Info.plist; sourceTree = SOURCE_ROOT; };
		B3D425331B7BC67E00B36F3C /* Prova Pratica Beta.app */ = {isa = PBXFileReference; explicitFileType = wrapper.application; includeInIndex = 0; path = "Prova Pratica Beta.app"; sourceTree = BUILT_PRODUCTS_DIR; };
		B3D425341B7BC67E00B36F3C /* Beta-Info.plist */ = {isa = PBXFileReference; lastKnownFileType = text.plist.xml; name = "Beta-Info.plist"; path = "/Users/mobile6/Documents/Projects/Detran/ProvaPratica/Beta-Info.plist"; sourceTree = "<absolute>"; };
		B3D425911B7BD7F400B36F3C /* UIKit.framework */ = {isa = PBXFileReference; lastKnownFileType = wrapper.framework; name = UIKit.framework; path = System/Library/Frameworks/UIKit.framework; sourceTree = SDKROOT; };
		B3D425941B7BD87900B36F3C /* Foundation.framework */ = {isa = PBXFileReference; lastKnownFileType = wrapper.framework; name = Foundation.framework; path = System/Library/Frameworks/Foundation.framework; sourceTree = SDKROOT; };
		B3D425961B7BD8DA00B36F3C /* CoreLocation.framework */ = {isa = PBXFileReference; lastKnownFileType = wrapper.framework; name = CoreLocation.framework; path = System/Library/Frameworks/CoreLocation.framework; sourceTree = SDKROOT; };
		B3D425981B7BD92A00B36F3C /* CoreGraphics.framework */ = {isa = PBXFileReference; lastKnownFileType = wrapper.framework; name = CoreGraphics.framework; path = System/Library/Frameworks/CoreGraphics.framework; sourceTree = SDKROOT; };
/* End PBXFileReference section */

/* Begin PBXFrameworksBuildPhase section */
		B38275021B7BC5B200737A3D /* Frameworks */ = {
			isa = PBXFrameworksBuildPhase;
			buildActionMask = 2147483647;
			files = (
				B3D425991B7BD92A00B36F3C /* CoreGraphics.framework in Frameworks */,
				B3D425971B7BD8DA00B36F3C /* CoreLocation.framework in Frameworks */,
				B3D425951B7BD87900B36F3C /* Foundation.framework in Frameworks */,
				B3D425921B7BD7F400B36F3C /* UIKit.framework in Frameworks */,
			);
			runOnlyForDeploymentPostprocessing = 0;
		};
		B3D4252B1B7BC67E00B36F3C /* Frameworks */ = {
			isa = PBXFrameworksBuildPhase;
			buildActionMask = 2147483647;
			files = (
				B3D4259D1B7BD9E900B36F3C /* Foundation.framework in Frameworks */,
				B3D4259C1B7BD9DC00B36F3C /* UIKit.framework in Frameworks */,
				B3D4259B1B7BD9D100B36F3C /* CoreGraphics.framework in Frameworks */,
				B3D4259A1B7BD9CA00B36F3C /* CoreLocation.framework in Frameworks */,
			);
			runOnlyForDeploymentPostprocessing = 0;
		};
/* End PBXFrameworksBuildPhase section */

/* Begin PBXGroup section */
		B38274FC1B7BC5B200737A3D = {
			isa = PBXGroup;
			children = (
				B38275071B7BC5B200737A3D /* Loyalty */,
				B38275061B7BC5B200737A3D /* Products */,
				B3D425931B7BD7FD00B36F3C /* Frameworks */,
			);
			sourceTree = "<group>";
		};
		B38275061B7BC5B200737A3D /* Products */ = {
			isa = PBXGroup;
			children = (
				B38275051B7BC5B200737A3D /* Loyalty.app */,
				B3D425331B7BC67E00B36F3C /* Prova Pratica Beta.app */,
			);
			name = Products;
			sourceTree = "<group>";
		};
		B38275071B7BC5B200737A3D /* Loyalty */ = {
			isa = PBXGroup;
			children = (
				B3A0CF531B7BEFD400434ADF /* AppDelegate.h */,
				B3A0CF541B7BEFD400434ADF /* AppDelegate.m */,
				B3D425351B7BCBE300B36F3C /* Classes */,
				B3D425361B7BCBED00B36F3C /* Resources */,
				B38275081B7BC5B200737A3D /* Supporting Files */,
			);
			name = Loyalty;
			path = ProvaPratica;
			sourceTree = "<group>";
		};
		B38275081B7BC5B200737A3D /* Supporting Files */ = {
			isa = PBXGroup;
			children = (
				B3A0CF651B7BF0C100434ADF /* main.m */,
				B3A0CFC11B7BF55000434ADF /* Info.plist */,
				B3D425341B7BC67E00B36F3C /* Beta-Info.plist */,
			);
			name = "Supporting Files";
			sourceTree = "<group>";
		};
		B3D425351B7BCBE300B36F3C /* Classes */ = {
			isa = PBXGroup;
			children = (
				B3D425401B7BCE0600B36F3C /* Libs */,
				B3D4253A1B7BCCE900B36F3C /* Controllers */,
				B3D425391B7BCC3500B36F3C /* Utils */,
				B3D425381B7BCC2400B36F3C /* Domain */,
			);
			name = Classes;
			sourceTree = "<group>";
		};
		B3D425361B7BCBED00B36F3C /* Resources */ = {
			isa = PBXGroup;
			children = (
				B3A0CF5A1B7BF09300434ADF /* LaunchScreen.xib */,
				B3A0CF5C1B7BF09300434ADF /* Main.storyboard */,
				B3A0CF571B7BF00200434ADF /* Images.xcassets */,
				B3A0CFBA1B7BF44900434ADF /* Loyalty.xcdatamodeld */,
				B3D425371B7BCC0200B36F3C /* Images */,
			);
			name = Resources;
			sourceTree = "<group>";
		};
		B3D425371B7BCC0200B36F3C /* Images */ = {
			isa = PBXGroup;
			children = (
			);
			name = Images;
			sourceTree = "<group>";
		};
		B3D425381B7BCC2400B36F3C /* Domain */ = {
			isa = PBXGroup;
			children = (
			);
			name = Domain;
			sourceTree = "<group>";
		};
		B3D425391B7BCC3500B36F3C /* Utils */ = {
			isa = PBXGroup;
			children = (
				B3A0CFA11B7BF1B400434ADF /* Utils.h */,
				B3A0CFA21B7BF1B400434ADF /* Utils.m */,
				B3D4257E1B7BD75700B36F3C /* Http */,
			);
			name = Utils;
			sourceTree = "<group>";
		};
		B3D4253A1B7BCCE900B36F3C /* Controllers */ = {
			isa = PBXGroup;
			children = (
				B3A0CF9D1B7BF14900434ADF /* ViewController.h */,
				B3A0CF9E1B7BF14900434ADF /* ViewController.m */,
			);
			name = Controllers;
			sourceTree = "<group>";
		};
		B3D425401B7BCE0600B36F3C /* Libs */ = {
			isa = PBXGroup;
			children = (
				B3D425481B7BCE4500B36F3C /* XMLDocument */,
				B3D425471B7BCE3700B36F3C /* JSON-Framework */,
			);
			name = Libs;
			sourceTree = "<group>";
		};
		B3D425471B7BCE3700B36F3C /* JSON-Framework */ = {
			isa = PBXGroup;
			children = (
				B3A0CF6C1B7BF11800434ADF /* NSObject+SBJson.h */,
				B3A0CF6D1B7BF11800434ADF /* NSObject+SBJson.m */,
				B3A0CF6E1B7BF11800434ADF /* SBJson.h */,
				B3A0CF6F1B7BF11800434ADF /* SBJsonParser.h */,
				B3A0CF701B7BF11800434ADF /* SBJsonParser.m */,
				B3A0CF711B7BF11800434ADF /* SBJsonStreamParser.h */,
				B3A0CF721B7BF11800434ADF /* SBJsonStreamParser.m */,
				B3A0CF731B7BF11800434ADF /* SBJsonStreamParserAccumulator.h */,
				B3A0CF741B7BF11800434ADF /* SBJsonStreamParserAccumulator.m */,
				B3A0CF751B7BF11800434ADF /* SBJsonStreamParserAdapter.h */,
				B3A0CF761B7BF11800434ADF /* SBJsonStreamParserAdapter.m */,
				B3A0CF771B7BF11800434ADF /* SBJsonStreamParserState.h */,
				B3A0CF781B7BF11800434ADF /* SBJsonStreamParserState.m */,
				B3A0CF791B7BF11800434ADF /* SBJsonStreamWriter.h */,
				B3A0CF7A1B7BF11800434ADF /* SBJsonStreamWriter.m */,
				B3A0CF7B1B7BF11800434ADF /* SBJsonStreamWriterAccumulator.h */,
				B3A0CF7C1B7BF11800434ADF /* SBJsonStreamWriterAccumulator.m */,
				B3A0CF7D1B7BF11800434ADF /* SBJsonStreamWriterState.h */,
				B3A0CF7E1B7BF11800434ADF /* SBJsonStreamWriterState.m */,
				B3A0CF7F1B7BF11800434ADF /* SBJsonTokeniser.h */,
				B3A0CF801B7BF11800434ADF /* SBJsonTokeniser.m */,
				B3A0CF811B7BF11800434ADF /* SBJsonUTF8Stream.h */,
				B3A0CF821B7BF11800434ADF /* SBJsonUTF8Stream.m */,
				B3A0CF831B7BF11800434ADF /* SBJsonWriter.h */,
				B3A0CF841B7BF11800434ADF /* SBJsonWriter.m */,
			);
			name = "JSON-Framework";
			sourceTree = "<group>";
		};
		B3D425481B7BCE4500B36F3C /* XMLDocument */ = {
			isa = PBXGroup;
			children = (
				B3A0CF681B7BF0F500434ADF /* SMXMLDocument.h */,
				B3A0CF691B7BF0F500434ADF /* SMXMLDocument.m */,
			);
			name = XMLDocument;
			sourceTree = "<group>";
		};
		B3D4257E1B7BD75700B36F3C /* Http */ = {
			isa = PBXGroup;
			children = (
				B3A0CFA51B7BF1D400434ADF /* HttpAsyncHelper.h */,
				B3A0CFA61B7BF1D400434ADF /* HttpAsyncHelper.m */,
				B3A0CFA71B7BF1D400434ADF /* HttpAsyncHelperDelegate.h */,
				B3A0CFA81B7BF1D400434ADF /* HttpHelper.h */,
				B3A0CFA91B7BF1D400434ADF /* HttpHelper.m */,
				B3A0CFAA1B7BF1D400434ADF /* Transacao.h */,
				B3A0CFAB1B7BF1D400434ADF /* TransacaoUtil.h */,
				B3A0CFAC1B7BF1D400434ADF /* TransacaoUtil.m */,
			);
			name = Http;
			sourceTree = "<group>";
		};
		B3D425931B7BD7FD00B36F3C /* Frameworks */ = {
			isa = PBXGroup;
			children = (
				B3D425981B7BD92A00B36F3C /* CoreGraphics.framework */,
				B3D425961B7BD8DA00B36F3C /* CoreLocation.framework */,
				B3D425941B7BD87900B36F3C /* Foundation.framework */,
				B3D425911B7BD7F400B36F3C /* UIKit.framework */,
			);
			name = Frameworks;
			sourceTree = "<group>";
		};
/* End PBXGroup section */

/* Begin PBXNativeTarget section */
		B38275041B7BC5B200737A3D /* Loyalty */ = {
			isa = PBXNativeTarget;
			buildConfigurationList = B382752B1B7BC5B200737A3D /* Build configuration list for PBXNativeTarget "Loyalty" */;
			buildPhases = (
				B38275011B7BC5B200737A3D /* Sources */,
				B38275021B7BC5B200737A3D /* Frameworks */,
				B38275031B7BC5B200737A3D /* Resources */,
			);
			buildRules = (
			);
			dependencies = (
			);
			name = Loyalty;
			productName = ProvaPratica;
			productReference = B38275051B7BC5B200737A3D /* Loyalty.app */;
			productType = "com.apple.product-type.application";
		};
		B3D425251B7BC67E00B36F3C /* Loyalty Beta */ = {
			isa = PBXNativeTarget;
			buildConfigurationList = B3D425301B7BC67E00B36F3C /* Build configuration list for PBXNativeTarget "Loyalty Beta" */;
			buildPhases = (
				B3D425261B7BC67E00B36F3C /* Sources */,
				B3D4252B1B7BC67E00B36F3C /* Frameworks */,
				B3D4252C1B7BC67E00B36F3C /* Resources */,
			);
			buildRules = (
			);
			dependencies = (
			);
			name = "Loyalty Beta";
			productName = ProvaPratica;
			productReference = B3D425331B7BC67E00B36F3C /* Prova Pratica Beta.app */;
			productType = "com.apple.product-type.application";
		};
/* End PBXNativeTarget section */

/* Begin PBXProject section */
		B38274FD1B7BC5B200737A3D /* Project object */ = {
			isa = PBXProject;
			attributes = {
				LastUpgradeCheck = 0640;
				ORGANIZATIONNAME = Resource;
				TargetAttributes = {
					B38275041B7BC5B200737A3D = {
						CreatedOnToolsVersion = 6.4;
					};
				};
			};
			buildConfigurationList = B38275001B7BC5B200737A3D /* Build configuration list for PBXProject "Loyalty" */;
			compatibilityVersion = "Xcode 3.2";
			developmentRegion = English;
			hasScannedForEncodings = 0;
			knownRegions = (
				en,
				Base,
			);
			mainGroup = B38274FC1B7BC5B200737A3D;
			productRefGroup = B38275061B7BC5B200737A3D /* Products */;
			projectDirPath = "";
			projectRoot = "";
			targets = (
				B38275041B7BC5B200737A3D /* Loyalty */,
				B3D425251B7BC67E00B36F3C /* Loyalty Beta */,
			);
		};
/* End PBXProject section */

/* Begin PBXResourcesBuildPhase section */
		B38275031B7BC5B200737A3D /* Resources */ = {
			isa = PBXResourcesBuildPhase;
			buildActionMask = 2147483647;
			files = (
				B3A0CFC51B7BF68B00434ADF /* LaunchScreen.xib in Resources */,
				B3A0CFC41B7BF67400434ADF /* Main.storyboard in Resources */,
				B3A0CFC21B7BF55000434ADF /* Info.plist in Resources */,
				B3A0CF581B7BF00200434ADF /* Images.xcassets in Resources */,
			);
			runOnlyForDeploymentPostprocessing = 0;
		};
		B3D4252C1B7BC67E00B36F3C /* Resources */ = {
			isa = PBXResourcesBuildPhase;
			buildActionMask = 2147483647;
			files = (
				B3A0CFC31B7BF55000434ADF /* Info.plist in Resources */,
				B3A0CF611B7BF09300434ADF /* Main.storyboard in Resources */,
				B3A0CF5F1B7BF09300434ADF /* LaunchScreen.xib in Resources */,
				B3A0CF591B7BF00200434ADF /* Images.xcassets in Resources */,
			);
			runOnlyForDeploymentPostprocessing = 0;
		};
/* End PBXResourcesBuildPhase section */

/* Begin PBXSourcesBuildPhase section */
		B38275011B7BC5B200737A3D /* Sources */ = {
			isa = PBXSourcesBuildPhase;
			buildActionMask = 2147483647;
			files = (
				B3A0CF9F1B7BF14900434ADF /* ViewController.m in Sources */,
				B3A0CF551B7BEFD400434ADF /* AppDelegate.m in Sources */,
				B3A0CF931B7BF11800434ADF /* SBJsonStreamWriterAccumulator.m in Sources */,
				B3A0CF8D1B7BF11800434ADF /* SBJsonStreamParserAdapter.m in Sources */,
				B3A0CFAD1B7BF1D400434ADF /* HttpAsyncHelper.m in Sources */,
				B3A0CF991B7BF11800434ADF /* SBJsonUTF8Stream.m in Sources */,
				B3A0CF8F1B7BF11800434ADF /* SBJsonStreamParserState.m in Sources */,
				B3A0CF9B1B7BF11800434ADF /* SBJsonWriter.m in Sources */,
				B3A0CF891B7BF11800434ADF /* SBJsonStreamParser.m in Sources */,
				B3A0CF911B7BF11800434ADF /* SBJsonStreamWriter.m in Sources */,
				B3A0CF951B7BF11800434ADF /* SBJsonStreamWriterState.m in Sources */,
				B3A0CFAF1B7BF1D400434ADF /* HttpHelper.m in Sources */,
				B3A0CFA31B7BF1B400434ADF /* Utils.m in Sources */,
				B3A0CF871B7BF11800434ADF /* SBJsonParser.m in Sources */,
				B3A0CFB11B7BF1D400434ADF /* TransacaoUtil.m in Sources */,
				B3A0CF971B7BF11800434ADF /* SBJsonTokeniser.m in Sources */,
				B3A0CF6A1B7BF0F500434ADF /* SMXMLDocument.m in Sources */,
				B3A0CF8B1B7BF11800434ADF /* SBJsonStreamParserAccumulator.m in Sources */,
				B3A0CF851B7BF11800434ADF /* NSObject+SBJson.m in Sources */,
				B3A0CF661B7BF0C100434ADF /* main.m in Sources */,
			);
			runOnlyForDeploymentPostprocessing = 0;
		};
		B3D425261B7BC67E00B36F3C /* Sources */ = {
			isa = PBXSourcesBuildPhase;
			buildActionMask = 2147483647;
			files = (
				B3A0CFA01B7BF14900434ADF /* ViewController.m in Sources */,
				B3A0CF561B7BEFD400434ADF /* AppDelegate.m in Sources */,
				B3A0CF941B7BF11800434ADF /* SBJsonStreamWriterAccumulator.m in Sources */,
				B3A0CF8E1B7BF11800434ADF /* SBJsonStreamParserAdapter.m in Sources */,
				B3A0CFAE1B7BF1D400434ADF /* HttpAsyncHelper.m in Sources */,
				B3A0CF9A1B7BF11800434ADF /* SBJsonUTF8Stream.m in Sources */,
				B3A0CF901B7BF11800434ADF /* SBJsonStreamParserState.m in Sources */,
				B3A0CF9C1B7BF11800434ADF /* SBJsonWriter.m in Sources */,
				B3A0CF8A1B7BF11800434ADF /* SBJsonStreamParser.m in Sources */,
				B3A0CF921B7BF11800434ADF /* SBJsonStreamWriter.m in Sources */,
				B3A0CF961B7BF11800434ADF /* SBJsonStreamWriterState.m in Sources */,
				B3A0CFB01B7BF1D400434ADF /* HttpHelper.m in Sources */,
				B3A0CFA41B7BF1B400434ADF /* Utils.m in Sources */,
				B3A0CF881B7BF11800434ADF /* SBJsonParser.m in Sources */,
				B3A0CFBD1B7BF44900434ADF /* Loyalty.xcdatamodeld in Sources */,
				B3A0CFB21B7BF1D400434ADF /* TransacaoUtil.m in Sources */,
				B3A0CF981B7BF11800434ADF /* SBJsonTokeniser.m in Sources */,
				B3A0CF6B1B7BF0F500434ADF /* SMXMLDocument.m in Sources */,
				B3A0CF8C1B7BF11800434ADF /* SBJsonStreamParserAccumulator.m in Sources */,
				B3A0CF861B7BF11800434ADF /* NSObject+SBJson.m in Sources */,
				B3A0CF671B7BF0C100434ADF /* main.m in Sources */,
			);
			runOnlyForDeploymentPostprocessing = 0;
		};
/* End PBXSourcesBuildPhase section */

/* Begin PBXVariantGroup section */
		B3A0CF5A1B7BF09300434ADF /* LaunchScreen.xib */ = {
			isa = PBXVariantGroup;
			children = (
				B3A0CF5B1B7BF09300434ADF /* Base */,
			);
			name = LaunchScreen.xib;
			sourceTree = "<group>";
		};
		B3A0CF5C1B7BF09300434ADF /* Main.storyboard */ = {
			isa = PBXVariantGroup;
			children = (
				B3A0CF5D1B7BF09300434ADF /* Base */,
			);
			name = Main.storyboard;
			sourceTree = "<group>";
		};
/* End PBXVariantGroup section */

/* Begin XCBuildConfiguration section */
		B38275291B7BC5B200737A3D /* Debug */ = {
			isa = XCBuildConfiguration;
			buildSettings = {
				ALWAYS_SEARCH_USER_PATHS = NO;
				CLANG_CXX_LANGUAGE_STANDARD = "gnu++0x";
				CLANG_CXX_LIBRARY = "libc++";
				CLANG_ENABLE_MODULES = YES;
				CLANG_ENABLE_OBJC_ARC = YES;
				CLANG_WARN_BOOL_CONVERSION = YES;
				CLANG_WARN_CONSTANT_CONVERSION = YES;
				CLANG_WARN_DIRECT_OBJC_ISA_USAGE = YES_ERROR;
				CLANG_WARN_EMPTY_BODY = YES;
				CLANG_WARN_ENUM_CONVERSION = YES;
				CLANG_WARN_INT_CONVERSION = YES;
				CLANG_WARN_OBJC_ROOT_CLASS = YES_ERROR;
				CLANG_WARN_UNREACHABLE_CODE = YES;
				CLANG_WARN__DUPLICATE_METHOD_MATCH = YES;
				"CODE_SIGN_IDENTITY[sdk=iphoneos*]" = "iPhone Developer";
				COPY_PHASE_STRIP = NO;
				DEBUG_INFORMATION_FORMAT = "dwarf-with-dsym";
				ENABLE_STRICT_OBJC_MSGSEND = YES;
				GCC_C_LANGUAGE_STANDARD = gnu99;
				GCC_DYNAMIC_NO_PIC = NO;
				GCC_NO_COMMON_BLOCKS = YES;
				GCC_OPTIMIZATION_LEVEL = 0;
				GCC_PREPROCESSOR_DEFINITIONS = (
					"DEBUG=1",
					"$(inherited)",
				);
				GCC_SYMBOLS_PRIVATE_EXTERN = NO;
				GCC_WARN_64_TO_32_BIT_CONVERSION = YES;
				GCC_WARN_ABOUT_RETURN_TYPE = YES_ERROR;
				GCC_WARN_UNDECLARED_SELECTOR = YES;
				GCC_WARN_UNINITIALIZED_AUTOS = YES_AGGRESSIVE;
				GCC_WARN_UNUSED_FUNCTION = YES;
				GCC_WARN_UNUSED_VARIABLE = YES;
				IPHONEOS_DEPLOYMENT_TARGET = 7.1;
				MTL_ENABLE_DEBUG_INFO = YES;
				ONLY_ACTIVE_ARCH = YES;
				SDKROOT = iphoneos;
			};
			name = Debug;
		};
		B382752A1B7BC5B200737A3D /* Release */ = {
			isa = XCBuildConfiguration;
			buildSettings = {
				ALWAYS_SEARCH_USER_PATHS = NO;
				CLANG_CXX_LANGUAGE_STANDARD = "gnu++0x";
				CLANG_CXX_LIBRARY = "libc++";
				CLANG_ENABLE_MODULES = YES;
				CLANG_ENABLE_OBJC_ARC = YES;
				CLANG_WARN_BOOL_CONVERSION = YES;
				CLANG_WARN_CONSTANT_CONVERSION = YES;
				CLANG_WARN_DIRECT_OBJC_ISA_USAGE = YES_ERROR;
				CLANG_WARN_EMPTY_BODY = YES;
				CLANG_WARN_ENUM_CONVERSION = YES;
				CLANG_WARN_INT_CONVERSION = YES;
				CLANG_WARN_OBJC_ROOT_CLASS = YES_ERROR;
				CLANG_WARN_UNREACHABLE_CODE = YES;
				CLANG_WARN__DUPLICATE_METHOD_MATCH = YES;
				"CODE_SIGN_IDENTITY[sdk=iphoneos*]" = "iPhone Developer";
				COPY_PHASE_STRIP = NO;
				DEBUG_INFORMATION_FORMAT = "dwarf-with-dsym";
				ENABLE_NS_ASSERTIONS = NO;
				ENABLE_STRICT_OBJC_MSGSEND = YES;
				GCC_C_LANGUAGE_STANDARD = gnu99;
				GCC_NO_COMMON_BLOCKS = YES;
				GCC_WARN_64_TO_32_BIT_CONVERSION = YES;
				GCC_WARN_ABOUT_RETURN_TYPE = YES_ERROR;
				GCC_WARN_UNDECLARED_SELECTOR = YES;
				GCC_WARN_UNINITIALIZED_AUTOS = YES_AGGRESSIVE;
				GCC_WARN_UNUSED_FUNCTION = YES;
				GCC_WARN_UNUSED_VARIABLE = YES;
				IPHONEOS_DEPLOYMENT_TARGET = 7.1;
				MTL_ENABLE_DEBUG_INFO = NO;
				SDKROOT = iphoneos;
				VALIDATE_PRODUCT = YES;
			};
			name = Release;
		};
		B382752C1B7BC5B200737A3D /* Debug */ = {
			isa = XCBuildConfiguration;
			buildSettings = {
				ASSETCATALOG_COMPILER_APPICON_NAME = AppIcon;
				INFOPLIST_FILE = "$(SRCROOT)/Loyalty/Info.plist";
				IPHONEOS_DEPLOYMENT_TARGET = 7.1;
				LD_RUNPATH_SEARCH_PATHS = "$(inherited) @executable_path/Frameworks";
				PRODUCT_NAME = Loyalty;
			};
			name = Debug;
		};
		B382752D1B7BC5B200737A3D /* Release */ = {
			isa = XCBuildConfiguration;
			buildSettings = {
				ASSETCATALOG_COMPILER_APPICON_NAME = AppIcon;
				INFOPLIST_FILE = "$(SRCROOT)/Loyalty/Info.plist";
				IPHONEOS_DEPLOYMENT_TARGET = 7.1;
				LD_RUNPATH_SEARCH_PATHS = "$(inherited) @executable_path/Frameworks";
				PRODUCT_NAME = Loyalty;
			};
			name = Release;
		};
		B3D425311B7BC67E00B36F3C /* Debug */ = {
			isa = XCBuildConfiguration;
			buildSettings = {
				ASSETCATALOG_COMPILER_APPICON_NAME = AppIcon;
				INFOPLIST_FILE = "$(SRCROOT)/../../Detran/ProvaPratica/Beta-Info.plist";
				IPHONEOS_DEPLOYMENT_TARGET = 7.1;
				LD_RUNPATH_SEARCH_PATHS = "$(inherited) @executable_path/Frameworks";
				PRODUCT_NAME = "Prova Pratica Beta";
			};
			name = Debug;
		};
		B3D425321B7BC67E00B36F3C /* Release */ = {
			isa = XCBuildConfiguration;
			buildSettings = {
				ASSETCATALOG_COMPILER_APPICON_NAME = AppIcon;
				INFOPLIST_FILE = "$(SRCROOT)/../../Detran/ProvaPratica/Beta-Info.plist";
				IPHONEOS_DEPLOYMENT_TARGET = 7.1;
				LD_RUNPATH_SEARCH_PATHS = "$(inherited) @executable_path/Frameworks";
				PRODUCT_NAME = "Prova Pratica Beta";
			};
			name = Release;
		};
/* End XCBuildConfiguration section */

/* Begin XCConfigurationList section */
		B38275001B7BC5B200737A3D /* Build configuration list for PBXProject "Loyalty" */ = {
			isa = XCConfigurationList;
			buildConfigurations = (
				B38275291B7BC5B200737A3D /* Debug */,
				B382752A1B7BC5B200737A3D /* Release */,
			);
			defaultConfigurationIsVisible = 0;
			defaultConfigurationName = Release;
		};
		B382752B1B7BC5B200737A3D /* Build configuration list for PBXNativeTarget "Loyalty" */ = {
			isa = XCConfigurationList;
			buildConfigurations = (
				B382752C1B7BC5B200737A3D /* Debug */,
				B382752D1B7BC5B200737A3D /* Release */,
			);
			defaultConfigurationIsVisible = 0;
			defaultConfigurationName = Release;
		};
		B3D425301B7BC67E00B36F3C /* Build configuration list for PBXNativeTarget "Loyalty Beta" */ = {
			isa = XCConfigurationList;
			buildConfigurations = (
				B3D425311B7BC67E00B36F3C /* Debug */,
				B3D425321B7BC67E00B36F3C /* Release */,
			);
			defaultConfigurationIsVisible = 0;
			defaultConfigurationName = Release;
		};
/* End XCConfigurationList section */

/* Begin XCVersionGroup section */
		B3A0CFBA1B7BF44900434ADF /* Loyalty.xcdatamodeld */ = {
			isa = XCVersionGroup;
			children = (
				B3A0CFBB1B7BF44900434ADF /* Loyalty.xcdatamodel */,
			);
			name = Loyalty.xcdatamodeld;
			path = ../Loyalty/Loyalty.xcdatamodeld;
			sourceTree = "<group>";
			versionGroupType = wrapper.xcdatamodel;
		};
/* End XCVersionGroup section */
	};
	rootObject = B38274FD1B7BC5B200737A3D /* Project object */;
}
