// !$*UTF8*$!
{
	archiveVersion = 1;
	classes = {
	};
	objectVersion = 46;
	objects = {

/* Begin PBXBuildFile section */
		B31C040E1C867DE900EB0781 /* AppDelegate.swift in Sources */ = {isa = PBXBuildFile; fileRef = B31C040D1C867DE900EB0781 /* AppDelegate.swift */; };
		B31C04101C867DE900EB0781 /* ViewController.swift in Sources */ = {isa = PBXBuildFile; fileRef = B31C040F1C867DE900EB0781 /* ViewController.swift */; };
		B31C04131C867DE900EB0781 /* Main.storyboard in Resources */ = {isa = PBXBuildFile; fileRef = B31C04111C867DE900EB0781 /* Main.storyboard */; };
		B31C04151C867DE900EB0781 /* Assets.xcassets in Resources */ = {isa = PBXBuildFile; fileRef = B31C04141C867DE900EB0781 /* Assets.xcassets */; };
		B31C04181C867DE900EB0781 /* LaunchScreen.storyboard in Resources */ = {isa = PBXBuildFile; fileRef = B31C04161C867DE900EB0781 /* LaunchScreen.storyboard */; };
		B31C04201C867DF400EB0781 /* ListaTenis.plist in Resources */ = {isa = PBXBuildFile; fileRef = B31C041F1C867DF400EB0781 /* ListaTenis.plist */; };
		B31C04221C867E4B00EB0781 /* TennisTableViewController.swift in Sources */ = {isa = PBXBuildFile; fileRef = B31C04211C867E4B00EB0781 /* TennisTableViewController.swift */; };
/* End PBXBuildFile section */

/* Begin PBXFileReference section */
		B31C040A1C867DE900EB0781 /* Demo_TennisList.app */ = {isa = PBXFileReference; explicitFileType = wrapper.application; includeInIndex = 0; path = Demo_TennisList.app; sourceTree = BUILT_PRODUCTS_DIR; };
		B31C040D1C867DE900EB0781 /* AppDelegate.swift */ = {isa = PBXFileReference; lastKnownFileType = sourcecode.swift; path = AppDelegate.swift; sourceTree = "<group>"; };
		B31C040F1C867DE900EB0781 /* ViewController.swift */ = {isa = PBXFileReference; lastKnownFileType = sourcecode.swift; path = ViewController.swift; sourceTree = "<group>"; };
		B31C04121C867DE900EB0781 /* Base */ = {isa = PBXFileReference; lastKnownFileType = file.storyboard; name = Base; path = Base.lproj/Main.storyboard; sourceTree = "<group>"; };
		B31C04141C867DE900EB0781 /* Assets.xcassets */ = {isa = PBXFileReference; lastKnownFileType = folder.assetcatalog; path = Assets.xcassets; sourceTree = "<group>"; };
		B31C04171C867DE900EB0781 /* Base */ = {isa = PBXFileReference; lastKnownFileType = file.storyboard; name = Base; path = Base.lproj/LaunchScreen.storyboard; sourceTree = "<group>"; };
		B31C04191C867DE900EB0781 /* Info.plist */ = {isa = PBXFileReference; lastKnownFileType = text.plist.xml; path = Info.plist; sourceTree = "<group>"; };
		B31C041F1C867DF400EB0781 /* ListaTenis.plist */ = {isa = PBXFileReference; fileEncoding = 4; lastKnownFileType = text.plist.xml; path = ListaTenis.plist; sourceTree = "<group>"; };
		B31C04211C867E4B00EB0781 /* TennisTableViewController.swift */ = {isa = PBXFileReference; fileEncoding = 4; lastKnownFileType = sourcecode.swift; path = TennisTableViewController.swift; sourceTree = "<group>"; };
/* End PBXFileReference section */

/* Begin PBXFrameworksBuildPhase section */
		B31C04071C867DE900EB0781 /* Frameworks */ = {
			isa = PBXFrameworksBuildPhase;
			buildActionMask = 2147483647;
			files = (
			);
			runOnlyForDeploymentPostprocessing = 0;
		};
/* End PBXFrameworksBuildPhase section */

/* Begin PBXGroup section */
		B31C04011C867DE900EB0781 = {
			isa = PBXGroup;
			children = (
				B31C040C1C867DE900EB0781 /* Demo_TennisList */,
				B31C040B1C867DE900EB0781 /* Products */,
			);
			sourceTree = "<group>";
		};
		B31C040B1C867DE900EB0781 /* Products */ = {
			isa = PBXGroup;
			children = (
				B31C040A1C867DE900EB0781 /* Demo_TennisList.app */,
			);
			name = Products;
			sourceTree = "<group>";
		};
		B31C040C1C867DE900EB0781 /* Demo_TennisList */ = {
			isa = PBXGroup;
			children = (
				B31C040D1C867DE900EB0781 /* AppDelegate.swift */,
				B31C040F1C867DE900EB0781 /* ViewController.swift */,
				B31C04111C867DE900EB0781 /* Main.storyboard */,
				B31C04141C867DE900EB0781 /* Assets.xcassets */,
				B31C04161C867DE900EB0781 /* LaunchScreen.storyboard */,
				B31C04191C867DE900EB0781 /* Info.plist */,
				B31C041F1C867DF400EB0781 /* ListaTenis.plist */,
				B31C04211C867E4B00EB0781 /* TennisTableViewController.swift */,
			);
			path = Demo_TennisList;
			sourceTree = "<group>";
		};
/* End PBXGroup section */

/* Begin PBXNativeTarget section */
		B31C04091C867DE900EB0781 /* Demo_TennisList */ = {
			isa = PBXNativeTarget;
			buildConfigurationList = B31C041C1C867DE900EB0781 /* Build configuration list for PBXNativeTarget "Demo_TennisList" */;
			buildPhases = (
				B31C04061C867DE900EB0781 /* Sources */,
				B31C04071C867DE900EB0781 /* Frameworks */,
				B31C04081C867DE900EB0781 /* Resources */,
			);
			buildRules = (
			);
			dependencies = (
			);
			name = Demo_TennisList;
			productName = Demo_TennisList;
			productReference = B31C040A1C867DE900EB0781 /* Demo_TennisList.app */;
			productType = "com.apple.product-type.application";
		};
/* End PBXNativeTarget section */

/* Begin PBXProject section */
		B31C04021C867DE900EB0781 /* Project object */ = {
			isa = PBXProject;
			attributes = {
				LastSwiftUpdateCheck = 0720;
				LastUpgradeCheck = 0720;
				ORGANIZATIONNAME = Pixonsoft;
				TargetAttributes = {
					B31C04091C867DE900EB0781 = {
						CreatedOnToolsVersion = 7.2.1;
					};
				};
			};
			buildConfigurationList = B31C04051C867DE900EB0781 /* Build configuration list for PBXProject "Demo_TennisList" */;
			compatibilityVersion = "Xcode 3.2";
			developmentRegion = English;
			hasScannedForEncodings = 0;
			knownRegions = (
				en,
				Base,
			);
			mainGroup = B31C04011C867DE900EB0781;
			productRefGroup = B31C040B1C867DE900EB0781 /* Products */;
			projectDirPath = "";
			projectRoot = "";
			targets = (
				B31C04091C867DE900EB0781 /* Demo_TennisList */,
			);
		};
/* End PBXProject section */

/* Begin PBXResourcesBuildPhase section */
		B31C04081C867DE900EB0781 /* Resources */ = {
			isa = PBXResourcesBuildPhase;
			buildActionMask = 2147483647;
			files = (
				B31C04181C867DE900EB0781 /* LaunchScreen.storyboard in Resources */,
				B31C04151C867DE900EB0781 /* Assets.xcassets in Resources */,
				B31C04201C867DF400EB0781 /* ListaTenis.plist in Resources */,
				B31C04131C867DE900EB0781 /* Main.storyboard in Resources */,
			);
			runOnlyForDeploymentPostprocessing = 0;
		};
/* End PBXResourcesBuildPhase section */

/* Begin PBXSourcesBuildPhase section */
		B31C04061C867DE900EB0781 /* Sources */ = {
			isa = PBXSourcesBuildPhase;
			buildActionMask = 2147483647;
			files = (
				B31C04101C867DE900EB0781 /* ViewController.swift in Sources */,
				B31C04221C867E4B00EB0781 /* TennisTableViewController.swift in Sources */,
				B31C040E1C867DE900EB0781 /* AppDelegate.swift in Sources */,
			);
			runOnlyForDeploymentPostprocessing = 0;
		};
/* End PBXSourcesBuildPhase section */

/* Begin PBXVariantGroup section */
		B31C04111C867DE900EB0781 /* Main.storyboard */ = {
			isa = PBXVariantGroup;
			children = (
				B31C04121C867DE900EB0781 /* Base */,
			);
			name = Main.storyboard;
			sourceTree = "<group>";
		};
		B31C04161C867DE900EB0781 /* LaunchScreen.storyboard */ = {
			isa = PBXVariantGroup;
			children = (
				B31C04171C867DE900EB0781 /* Base */,
			);
			name = LaunchScreen.storyboard;
			sourceTree = "<group>";
		};
/* End PBXVariantGroup section */

/* Begin XCBuildConfiguration section */
		B31C041A1C867DE900EB0781 /* Debug */ = {
			isa = XCBuildConfiguration;
			buildSettings = {
				ALWAYS_SEARCH_USER_PATHS = NO;
				CLANG_CXX_LANGUAGE_STANDARD = "gnu++0x";
				CLANG_CXX_LIBRARY = "libc++";
				CLANG_ENABLE_MODULES = YES;
				CLANG_ENABLE_OBJC_ARC = YES;
				CLANG_WARN_BOOL_CONVERSION = YES;
				CLANG_WARN_CONSTANT_CONVERSION = YES;
				CLANG_WARN_DIRECT_OBJC_ISA_USAGE = YES_ERROR;
				CLANG_WARN_EMPTY_BODY = YES;
				CLANG_WARN_ENUM_CONVERSION = YES;
				CLANG_WARN_INT_CONVERSION = YES;
				CLANG_WARN_OBJC_ROOT_CLASS = YES_ERROR;
				CLANG_WARN_UNREACHABLE_CODE = YES;
				CLANG_WARN__DUPLICATE_METHOD_MATCH = YES;
				"CODE_SIGN_IDENTITY[sdk=iphoneos*]" = "iPhone Developer";
				COPY_PHASE_STRIP = NO;
				DEBUG_INFORMATION_FORMAT = dwarf;
				ENABLE_STRICT_OBJC_MSGSEND = YES;
				ENABLE_TESTABILITY = YES;
				GCC_C_LANGUAGE_STANDARD = gnu99;
				GCC_DYNAMIC_NO_PIC = NO;
				GCC_NO_COMMON_BLOCKS = YES;
				GCC_OPTIMIZATION_LEVEL = 0;
				GCC_PREPROCESSOR_DEFINITIONS = (
					"DEBUG=1",
					"$(inherited)",
				);
				GCC_WARN_64_TO_32_BIT_CONVERSION = YES;
				GCC_WARN_ABOUT_RETURN_TYPE = YES_ERROR;
				GCC_WARN_UNDECLARED_SELECTOR = YES;
				GCC_WARN_UNINITIALIZED_AUTOS = YES_AGGRESSIVE;
				GCC_WARN_UNUSED_FUNCTION = YES;
				GCC_WARN_UNUSED_VARIABLE = YES;
				IPHONEOS_DEPLOYMENT_TARGET = 9.2;
				MTL_ENABLE_DEBUG_INFO = YES;
				ONLY_ACTIVE_ARCH = YES;
				SDKROOT = iphoneos;
				SWIFT_OPTIMIZATION_LEVEL = "-Onone";
				TARGETED_DEVICE_FAMILY = "1,2";
			};
			name = Debug;
		};
		B31C041B1C867DE900EB0781 /* Release */ = {
			isa = XCBuildConfiguration;
			buildSettings = {
				ALWAYS_SEARCH_USER_PATHS = NO;
				CLANG_CXX_LANGUAGE_STANDARD = "gnu++0x";
				CLANG_CXX_LIBRARY = "libc++";
				CLANG_ENABLE_MODULES = YES;
				CLANG_ENABLE_OBJC_ARC = YES;
				CLANG_WARN_BOOL_CONVERSION = YES;
				CLANG_WARN_CONSTANT_CONVERSION = YES;
				CLANG_WARN_DIRECT_OBJC_ISA_USAGE = YES_ERROR;
				CLANG_WARN_EMPTY_BODY = YES;
				CLANG_WARN_ENUM_CONVERSION = YES;
				CLANG_WARN_INT_CONVERSION = YES;
				CLANG_WARN_OBJC_ROOT_CLASS = YES_ERROR;
				CLANG_WARN_UNREACHABLE_CODE = YES;
				CLANG_WARN__DUPLICATE_METHOD_MATCH = YES;
				"CODE_SIGN_IDENTITY[sdk=iphoneos*]" = "iPhone Developer";
				COPY_PHASE_STRIP = NO;
				DEBUG_INFORMATION_FORMAT = "dwarf-with-dsym";
				ENABLE_NS_ASSERTIONS = NO;
				ENABLE_STRICT_OBJC_MSGSEND = YES;
				GCC_C_LANGUAGE_STANDARD = gnu99;
				GCC_NO_COMMON_BLOCKS = YES;
				GCC_WARN_64_TO_32_BIT_CONVERSION = YES;
				GCC_WARN_ABOUT_RETURN_TYPE = YES_ERROR;
				GCC_WARN_UNDECLARED_SELECTOR = YES;
				GCC_WARN_UNINITIALIZED_AUTOS = YES_AGGRESSIVE;
				GCC_WARN_UNUSED_FUNCTION = YES;
				GCC_WARN_UNUSED_VARIABLE = YES;
				IPHONEOS_DEPLOYMENT_TARGET = 9.2;
				MTL_ENABLE_DEBUG_INFO = NO;
				SDKROOT = iphoneos;
				TARGETED_DEVICE_FAMILY = "1,2";
				VALIDATE_PRODUCT = YES;
			};
			name = Release;
		};
		B31C041D1C867DE900EB0781 /* Debug */ = {
			isa = XCBuildConfiguration;
			buildSettings = {
				ASSETCATALOG_COMPILER_APPICON_NAME = AppIcon;
				INFOPLIST_FILE = Demo_TennisList/Info.plist;
				LD_RUNPATH_SEARCH_PATHS = "$(inherited) @executable_path/Frameworks";
				PRODUCT_BUNDLE_IDENTIFIER = "com.pixonsoft.Demo-TennisList";
				PRODUCT_NAME = "$(TARGET_NAME)";
			};
			name = Debug;
		};
		B31C041E1C867DE900EB0781 /* Release */ = {
			isa = XCBuildConfiguration;
			buildSettings = {
				ASSETCATALOG_COMPILER_APPICON_NAME = AppIcon;
				INFOPLIST_FILE = Demo_TennisList/Info.plist;
				LD_RUNPATH_SEARCH_PATHS = "$(inherited) @executable_path/Frameworks";
				PRODUCT_BUNDLE_IDENTIFIER = "com.pixonsoft.Demo-TennisList";
				PRODUCT_NAME = "$(TARGET_NAME)";
			};
			name = Release;
		};
/* End XCBuildConfiguration section */

/* Begin XCConfigurationList section */
		B31C04051C867DE900EB0781 /* Build configuration list for PBXProject "Demo_TennisList" */ = {
			isa = XCConfigurationList;
			buildConfigurations = (
				B31C041A1C867DE900EB0781 /* Debug */,
				B31C041B1C867DE900EB0781 /* Release */,
			);
			defaultConfigurationIsVisible = 0;
			defaultConfigurationName = Release;
		};
		B31C041C1C867DE900EB0781 /* Build configuration list for PBXNativeTarget "Demo_TennisList" */ = {
			isa = XCConfigurationList;
			buildConfigurations = (
				B31C041D1C867DE900EB0781 /* Debug */,
				B31C041E1C867DE900EB0781 /* Release */,
			);
			defaultConfigurationIsVisible = 0;
		};
/* End XCConfigurationList section */
	};
	rootObject = B31C04021C867DE900EB0781 /* Project object */;
}
