// !$*UTF8*$!
{
	archiveVersion = 1;
	classes = {
	};
	objectVersion = 46;
	objects = {

/* Begin PBXBuildFile section */
		DD7A22A717F06F1200FE8435 /* Foundation.framework in Frameworks */ = {isa = PBXBuildFile; fileRef = DD7A22A617F06F1200FE8435 /* Foundation.framework */; };
		DD7A22A917F06F1200FE8435 /* CoreGraphics.framework in Frameworks */ = {isa = PBXBuildFile; fileRef = DD7A22A817F06F1200FE8435 /* CoreGraphics.framework */; };
		DD7A22AB17F06F1200FE8435 /* UIKit.framework in Frameworks */ = {isa = PBXBuildFile; fileRef = DD7A22AA17F06F1200FE8435 /* UIKit.framework */; };
		DD7A22B117F06F1200FE8435 /* InfoPlist.strings in Resources */ = {isa = PBXBuildFile; fileRef = DD7A22AF17F06F1200FE8435 /* InfoPlist.strings */; };
		DD7A22B317F06F1200FE8435 /* main.m in Sources */ = {isa = PBXBuildFile; fileRef = DD7A22B217F06F1200FE8435 /* main.m */; };
		DD7A22B717F06F1200FE8435 /* AppDelegate.m in Sources */ = {isa = PBXBuildFile; fileRef = DD7A22B617F06F1200FE8435 /* AppDelegate.m */; };
		DD7A22B917F06F1200FE8435 /* Images.xcassets in Resources */ = {isa = PBXBuildFile; fileRef = DD7A22B817F06F1200FE8435 /* Images.xcassets */; };
		DD7A22C017F06F1200FE8435 /* XCTest.framework in Frameworks */ = {isa = PBXBuildFile; fileRef = DD7A22BF17F06F1200FE8435 /* XCTest.framework */; };
		DD7A22C117F06F1200FE8435 /* Foundation.framework in Frameworks */ = {isa = PBXBuildFile; fileRef = DD7A22A617F06F1200FE8435 /* Foundation.framework */; };
		DD7A22C217F06F1200FE8435 /* UIKit.framework in Frameworks */ = {isa = PBXBuildFile; fileRef = DD7A22AA17F06F1200FE8435 /* UIKit.framework */; };
		DD7A22CA17F06F1200FE8435 /* InfoPlist.strings in Resources */ = {isa = PBXBuildFile; fileRef = DD7A22C817F06F1200FE8435 /* InfoPlist.strings */; };
		DD7A22CC17F06F1200FE8435 /* CarrosTests.m in Sources */ = {isa = PBXBuildFile; fileRef = DD7A22CB17F06F1200FE8435 /* CarrosTests.m */; };
		DD7A22FC17F06F3200FE8435 /* AppIcon120x120.png in Resources */ = {isa = PBXBuildFile; fileRef = DD7A22D817F06F3200FE8435 /* AppIcon120x120.png */; };
		DD7A22FD17F06F3200FE8435 /* AppIcon29x29.png in Resources */ = {isa = PBXBuildFile; fileRef = DD7A22D917F06F3200FE8435 /* AppIcon29x29.png */; };
		DD7A22FE17F06F3200FE8435 /* AppIcon29x29@2x.png in Resources */ = {isa = PBXBuildFile; fileRef = DD7A22DA17F06F3200FE8435 /* AppIcon29x29@2x.png */; };
		DD7A22FF17F06F3200FE8435 /* AppIcon40x40.png in Resources */ = {isa = PBXBuildFile; fileRef = DD7A22DB17F06F3200FE8435 /* AppIcon40x40.png */; };
		DD7A230017F06F3200FE8435 /* AppIcon40x40@2x.png in Resources */ = {isa = PBXBuildFile; fileRef = DD7A22DC17F06F3200FE8435 /* AppIcon40x40@2x.png */; };
		DD7A230117F06F3200FE8435 /* AppIcon50x50.png in Resources */ = {isa = PBXBuildFile; fileRef = DD7A22DD17F06F3200FE8435 /* AppIcon50x50.png */; };
		DD7A230217F06F3200FE8435 /* AppIcon50x50@2x.png in Resources */ = {isa = PBXBuildFile; fileRef = DD7A22DE17F06F3200FE8435 /* AppIcon50x50@2x.png */; };
		DD7A230317F06F3200FE8435 /* AppIcon57x57.png in Resources */ = {isa = PBXBuildFile; fileRef = DD7A22DF17F06F3200FE8435 /* AppIcon57x57.png */; };
		DD7A230417F06F3200FE8435 /* AppIcon57x57@2x.png in Resources */ = {isa = PBXBuildFile; fileRef = DD7A22E017F06F3200FE8435 /* AppIcon57x57@2x.png */; };
		DD7A230517F06F3200FE8435 /* AppIcon72x72.png in Resources */ = {isa = PBXBuildFile; fileRef = DD7A22E117F06F3200FE8435 /* AppIcon72x72.png */; };
		DD7A230617F06F3200FE8435 /* AppIcon72x72@2x.png in Resources */ = {isa = PBXBuildFile; fileRef = DD7A22E217F06F3200FE8435 /* AppIcon72x72@2x.png */; };
		DD7A230717F06F3200FE8435 /* AppIcon76x76.png in Resources */ = {isa = PBXBuildFile; fileRef = DD7A22E317F06F3200FE8435 /* AppIcon76x76.png */; };
		DD7A230817F06F3200FE8435 /* AppIcon76x76@2x.png in Resources */ = {isa = PBXBuildFile; fileRef = DD7A22E417F06F3200FE8435 /* AppIcon76x76@2x.png */; };
		DD7A230917F06F3200FE8435 /* ferrari_ff.png in Resources */ = {isa = PBXBuildFile; fileRef = DD7A22E517F06F3200FE8435 /* ferrari_ff.png */; };
		DD7A230A17F06F3200FE8435 /* mclaren.png in Resources */ = {isa = PBXBuildFile; fileRef = DD7A22E617F06F3200FE8435 /* mclaren.png */; };
		DD7A230B17F06F3200FE8435 /* Default-568h@2X.png in Resources */ = {isa = PBXBuildFile; fileRef = DD7A22E817F06F3200FE8435 /* Default-568h@2X.png */; };
		DD7A230C17F06F3200FE8435 /* Default-568h@2x~iphone.png in Resources */ = {isa = PBXBuildFile; fileRef = DD7A22E917F06F3200FE8435 /* Default-568h@2x~iphone.png */; };
		DD7A230D17F06F3200FE8435 /* Default-Landscape.png in Resources */ = {isa = PBXBuildFile; fileRef = DD7A22EA17F06F3200FE8435 /* Default-Landscape.png */; };
		DD7A230E17F06F3200FE8435 /* Default-Landscape@2x.png in Resources */ = {isa = PBXBuildFile; fileRef = DD7A22EB17F06F3200FE8435 /* Default-Landscape@2x.png */; };
		DD7A230F17F06F3200FE8435 /* Default-Landscape@2x~iPad.png in Resources */ = {isa = PBXBuildFile; fileRef = DD7A22EC17F06F3200FE8435 /* Default-Landscape@2x~iPad.png */; };
		DD7A231017F06F3200FE8435 /* Default-Landscape~iPad.png in Resources */ = {isa = PBXBuildFile; fileRef = DD7A22ED17F06F3200FE8435 /* Default-Landscape~iPad.png */; };
		DD7A231117F06F3200FE8435 /* Default-Landscape~iPad@2x.png in Resources */ = {isa = PBXBuildFile; fileRef = DD7A22EE17F06F3200FE8435 /* Default-Landscape~iPad@2x.png */; };
		DD7A231217F06F3200FE8435 /* Default-Portrait.png in Resources */ = {isa = PBXBuildFile; fileRef = DD7A22EF17F06F3200FE8435 /* Default-Portrait.png */; };
		DD7A231317F06F3200FE8435 /* Default-Portrait@2x.png in Resources */ = {isa = PBXBuildFile; fileRef = DD7A22F017F06F3200FE8435 /* Default-Portrait@2x.png */; };
		DD7A231417F06F3200FE8435 /* Default-Portrait@2x~iPad.png in Resources */ = {isa = PBXBuildFile; fileRef = DD7A22F117F06F3200FE8435 /* Default-Portrait@2x~iPad.png */; };
		DD7A231517F06F3200FE8435 /* Default-Portrait~iPad.png in Resources */ = {isa = PBXBuildFile; fileRef = DD7A22F217F06F3200FE8435 /* Default-Portrait~iPad.png */; };
		DD7A231617F06F3200FE8435 /* Default.png in Resources */ = {isa = PBXBuildFile; fileRef = DD7A22F317F06F3200FE8435 /* Default.png */; };
		DD7A231717F06F3200FE8435 /* Default@2X.png in Resources */ = {isa = PBXBuildFile; fileRef = DD7A22F417F06F3200FE8435 /* Default@2X.png */; };
		DD7A231817F06F3200FE8435 /* Default@2x~ipad.png in Resources */ = {isa = PBXBuildFile; fileRef = DD7A22F517F06F3200FE8435 /* Default@2x~ipad.png */; };
		DD7A231917F06F3200FE8435 /* Default~ipad.png in Resources */ = {isa = PBXBuildFile; fileRef = DD7A22F617F06F3200FE8435 /* Default~ipad.png */; };
		DD7A231A17F06F3200FE8435 /* Default~iphone.png in Resources */ = {isa = PBXBuildFile; fileRef = DD7A22F717F06F3200FE8435 /* Default~iphone.png */; };
		DD7A231B17F06F3200FE8435 /* tab_carros.png in Resources */ = {isa = PBXBuildFile; fileRef = DD7A22F817F06F3200FE8435 /* tab_carros.png */; };
		DD7A231C17F06F3200FE8435 /* tab_carros@2x.png in Resources */ = {isa = PBXBuildFile; fileRef = DD7A22F917F06F3200FE8435 /* tab_carros@2x.png */; };
		DD7A231D17F06F3200FE8435 /* tab_sobre.png in Resources */ = {isa = PBXBuildFile; fileRef = DD7A22FA17F06F3200FE8435 /* tab_sobre.png */; };
		DD7A231E17F06F3200FE8435 /* tab_sobre@2x.png in Resources */ = {isa = PBXBuildFile; fileRef = DD7A22FB17F06F3200FE8435 /* tab_sobre@2x.png */; };
		DD7A232517F0705300FE8435 /* ListaCarrosViewController.m in Sources */ = {isa = PBXBuildFile; fileRef = DD7A232317F0705300FE8435 /* ListaCarrosViewController.m */; };
		DD7A232617F0705300FE8435 /* ListaCarrosViewController.xib in Resources */ = {isa = PBXBuildFile; fileRef = DD7A232417F0705300FE8435 /* ListaCarrosViewController.xib */; };
		DD7A232F17F0706B00FE8435 /* SobreViewController.m in Sources */ = {isa = PBXBuildFile; fileRef = DD7A232D17F0706B00FE8435 /* SobreViewController.m */; };
		DD7A233017F0706B00FE8435 /* SobreViewController.xib in Resources */ = {isa = PBXBuildFile; fileRef = DD7A232E17F0706B00FE8435 /* SobreViewController.xib */; };
		DD7A233417F0708B00FE8435 /* DetalhesCarroViewController.m in Sources */ = {isa = PBXBuildFile; fileRef = DD7A233217F0708B00FE8435 /* DetalhesCarroViewController.m */; };
		DD7A233517F0708B00FE8435 /* DetalhesCarroViewController.xib in Resources */ = {isa = PBXBuildFile; fileRef = DD7A233317F0708B00FE8435 /* DetalhesCarroViewController.xib */; };
		DD7A233917F093FF00FE8435 /* Alerta.m in Sources */ = {isa = PBXBuildFile; fileRef = DD7A233817F093FF00FE8435 /* Alerta.m */; };
/* End PBXBuildFile section */

/* Begin PBXContainerItemProxy section */
		DD7A22C317F06F1200FE8435 /* PBXContainerItemProxy */ = {
			isa = PBXContainerItemProxy;
			containerPortal = DD7A229B17F06F1200FE8435 /* Project object */;
			proxyType = 1;
			remoteGlobalIDString = DD7A22A217F06F1200FE8435;
			remoteInfo = Carros;
		};
/* End PBXContainerItemProxy section */

/* Begin PBXFileReference section */
		DD7A22A317F06F1200FE8435 /* Carros.app */ = {isa = PBXFileReference; explicitFileType = wrapper.application; includeInIndex = 0; path = Carros.app; sourceTree = BUILT_PRODUCTS_DIR; };
		DD7A22A617F06F1200FE8435 /* Foundation.framework */ = {isa = PBXFileReference; lastKnownFileType = wrapper.framework; name = Foundation.framework; path = System/Library/Frameworks/Foundation.framework; sourceTree = SDKROOT; };
		DD7A22A817F06F1200FE8435 /* CoreGraphics.framework */ = {isa = PBXFileReference; lastKnownFileType = wrapper.framework; name = CoreGraphics.framework; path = System/Library/Frameworks/CoreGraphics.framework; sourceTree = SDKROOT; };
		DD7A22AA17F06F1200FE8435 /* UIKit.framework */ = {isa = PBXFileReference; lastKnownFileType = wrapper.framework; name = UIKit.framework; path = System/Library/Frameworks/UIKit.framework; sourceTree = SDKROOT; };
		DD7A22AE17F06F1200FE8435 /* Carros-Info.plist */ = {isa = PBXFileReference; lastKnownFileType = text.plist.xml; path = "Carros-Info.plist"; sourceTree = "<group>"; };
		DD7A22B017F06F1200FE8435 /* en */ = {isa = PBXFileReference; lastKnownFileType = text.plist.strings; name = en; path = en.lproj/InfoPlist.strings; sourceTree = "<group>"; };
		DD7A22B217F06F1200FE8435 /* main.m */ = {isa = PBXFileReference; lastKnownFileType = sourcecode.c.objc; path = main.m; sourceTree = "<group>"; };
		DD7A22B417F06F1200FE8435 /* Carros-Prefix.pch */ = {isa = PBXFileReference; lastKnownFileType = sourcecode.c.h; path = "Carros-Prefix.pch"; sourceTree = "<group>"; };
		DD7A22B517F06F1200FE8435 /* AppDelegate.h */ = {isa = PBXFileReference; lastKnownFileType = sourcecode.c.h; path = AppDelegate.h; sourceTree = "<group>"; };
		DD7A22B617F06F1200FE8435 /* AppDelegate.m */ = {isa = PBXFileReference; lastKnownFileType = sourcecode.c.objc; path = AppDelegate.m; sourceTree = "<group>"; };
		DD7A22B817F06F1200FE8435 /* Images.xcassets */ = {isa = PBXFileReference; lastKnownFileType = folder.assetcatalog; path = Images.xcassets; sourceTree = "<group>"; };
		DD7A22BE17F06F1200FE8435 /* CarrosTests.xctest */ = {isa = PBXFileReference; explicitFileType = wrapper.cfbundle; includeInIndex = 0; path = CarrosTests.xctest; sourceTree = BUILT_PRODUCTS_DIR; };
		DD7A22BF17F06F1200FE8435 /* XCTest.framework */ = {isa = PBXFileReference; lastKnownFileType = wrapper.framework; name = XCTest.framework; path = Library/Frameworks/XCTest.framework; sourceTree = DEVELOPER_DIR; };
		DD7A22C717F06F1200FE8435 /* CarrosTests-Info.plist */ = {isa = PBXFileReference; lastKnownFileType = text.plist.xml; path = "CarrosTests-Info.plist"; sourceTree = "<group>"; };
		DD7A22C917F06F1200FE8435 /* en */ = {isa = PBXFileReference; lastKnownFileType = text.plist.strings; name = en; path = en.lproj/InfoPlist.strings; sourceTree = "<group>"; };
		DD7A22CB17F06F1200FE8435 /* CarrosTests.m */ = {isa = PBXFileReference; lastKnownFileType = sourcecode.c.objc; path = CarrosTests.m; sourceTree = "<group>"; };
		DD7A22D817F06F3200FE8435 /* AppIcon120x120.png */ = {isa = PBXFileReference; lastKnownFileType = image.png; path = AppIcon120x120.png; sourceTree = "<group>"; };
		DD7A22D917F06F3200FE8435 /* AppIcon29x29.png */ = {isa = PBXFileReference; lastKnownFileType = image.png; path = AppIcon29x29.png; sourceTree = "<group>"; };
		DD7A22DA17F06F3200FE8435 /* AppIcon29x29@2x.png */ = {isa = PBXFileReference; lastKnownFileType = image.png; path = "AppIcon29x29@2x.png"; sourceTree = "<group>"; };
		DD7A22DB17F06F3200FE8435 /* AppIcon40x40.png */ = {isa = PBXFileReference; lastKnownFileType = image.png; path = AppIcon40x40.png; sourceTree = "<group>"; };
		DD7A22DC17F06F3200FE8435 /* AppIcon40x40@2x.png */ = {isa = PBXFileReference; lastKnownFileType = image.png; path = "AppIcon40x40@2x.png"; sourceTree = "<group>"; };
		DD7A22DD17F06F3200FE8435 /* AppIcon50x50.png */ = {isa = PBXFileReference; lastKnownFileType = image.png; path = AppIcon50x50.png; sourceTree = "<group>"; };
		DD7A22DE17F06F3200FE8435 /* AppIcon50x50@2x.png */ = {isa = PBXFileReference; lastKnownFileType = image.png; path = "AppIcon50x50@2x.png"; sourceTree = "<group>"; };
		DD7A22DF17F06F3200FE8435 /* AppIcon57x57.png */ = {isa = PBXFileReference; lastKnownFileType = image.png; path = AppIcon57x57.png; sourceTree = "<group>"; };
		DD7A22E017F06F3200FE8435 /* AppIcon57x57@2x.png */ = {isa = PBXFileReference; lastKnownFileType = image.png; path = "AppIcon57x57@2x.png"; sourceTree = "<group>"; };
		DD7A22E117F06F3200FE8435 /* AppIcon72x72.png */ = {isa = PBXFileReference; lastKnownFileType = image.png; path = AppIcon72x72.png; sourceTree = "<group>"; };
		DD7A22E217F06F3200FE8435 /* AppIcon72x72@2x.png */ = {isa = PBXFileReference; lastKnownFileType = image.png; path = "AppIcon72x72@2x.png"; sourceTree = "<group>"; };
		DD7A22E317F06F3200FE8435 /* AppIcon76x76.png */ = {isa = PBXFileReference; lastKnownFileType = image.png; path = AppIcon76x76.png; sourceTree = "<group>"; };
		DD7A22E417F06F3200FE8435 /* AppIcon76x76@2x.png */ = {isa = PBXFileReference; lastKnownFileType = image.png; path = "AppIcon76x76@2x.png"; sourceTree = "<group>"; };
		DD7A22E517F06F3200FE8435 /* ferrari_ff.png */ = {isa = PBXFileReference; lastKnownFileType = image.png; path = ferrari_ff.png; sourceTree = "<group>"; };
		DD7A22E617F06F3200FE8435 /* mclaren.png */ = {isa = PBXFileReference; lastKnownFileType = image.png; path = mclaren.png; sourceTree = "<group>"; };
		DD7A22E817F06F3200FE8435 /* Default-568h@2X.png */ = {isa = PBXFileReference; lastKnownFileType = image.png; path = "Default-568h@2X.png"; sourceTree = "<group>"; };
		DD7A22E917F06F3200FE8435 /* Default-568h@2x~iphone.png */ = {isa = PBXFileReference; lastKnownFileType = image.png; path = "Default-568h@2x~iphone.png"; sourceTree = "<group>"; };
		DD7A22EA17F06F3200FE8435 /* Default-Landscape.png */ = {isa = PBXFileReference; lastKnownFileType = image.png; path = "Default-Landscape.png"; sourceTree = "<group>"; };
		DD7A22EB17F06F3200FE8435 /* Default-Landscape@2x.png */ = {isa = PBXFileReference; lastKnownFileType = image.png; path = "Default-Landscape@2x.png"; sourceTree = "<group>"; };
		DD7A22EC17F06F3200FE8435 /* Default-Landscape@2x~iPad.png */ = {isa = PBXFileReference; lastKnownFileType = image.png; path = "Default-Landscape@2x~iPad.png"; sourceTree = "<group>"; };
		DD7A22ED17F06F3200FE8435 /* Default-Landscape~iPad.png */ = {isa = PBXFileReference; lastKnownFileType = image.png; path = "Default-Landscape~iPad.png"; sourceTree = "<group>"; };
		DD7A22EE17F06F3200FE8435 /* Default-Landscape~iPad@2x.png */ = {isa = PBXFileReference; lastKnownFileType = image.png; path = "Default-Landscape~iPad@2x.png"; sourceTree = "<group>"; };
		DD7A22EF17F06F3200FE8435 /* Default-Portrait.png */ = {isa = PBXFileReference; lastKnownFileType = image.png; path = "Default-Portrait.png"; sourceTree = "<group>"; };
		DD7A22F017F06F3200FE8435 /* Default-Portrait@2x.png */ = {isa = PBXFileReference; lastKnownFileType = image.png; path = "Default-Portrait@2x.png"; sourceTree = "<group>"; };
		DD7A22F117F06F3200FE8435 /* Default-Portrait@2x~iPad.png */ = {isa = PBXFileReference; lastKnownFileType = image.png; path = "Default-Portrait@2x~iPad.png"; sourceTree = "<group>"; };
		DD7A22F217F06F3200FE8435 /* Default-Portrait~iPad.png */ = {isa = PBXFileReference; lastKnownFileType = image.png; path = "Default-Portrait~iPad.png"; sourceTree = "<group>"; };
		DD7A22F317F06F3200FE8435 /* Default.png */ = {isa = PBXFileReference; lastKnownFileType = image.png; path = Default.png; sourceTree = "<group>"; };
		DD7A22F417F06F3200FE8435 /* Default@2X.png */ = {isa = PBXFileReference; lastKnownFileType = image.png; path = "Default@2X.png"; sourceTree = "<group>"; };
		DD7A22F517F06F3200FE8435 /* Default@2x~ipad.png */ = {isa = PBXFileReference; lastKnownFileType = image.png; path = "Default@2x~ipad.png"; sourceTree = "<group>"; };
		DD7A22F617F06F3200FE8435 /* Default~ipad.png */ = {isa = PBXFileReference; lastKnownFileType = image.png; path = "Default~ipad.png"; sourceTree = "<group>"; };
		DD7A22F717F06F3200FE8435 /* Default~iphone.png */ = {isa = PBXFileReference; lastKnownFileType = image.png; path = "Default~iphone.png"; sourceTree = "<group>"; };
		DD7A22F817F06F3200FE8435 /* tab_carros.png */ = {isa = PBXFileReference; lastKnownFileType = image.png; path = tab_carros.png; sourceTree = "<group>"; };
		DD7A22F917F06F3200FE8435 /* tab_carros@2x.png */ = {isa = PBXFileReference; lastKnownFileType = image.png; path = "tab_carros@2x.png"; sourceTree = "<group>"; };
		DD7A22FA17F06F3200FE8435 /* tab_sobre.png */ = {isa = PBXFileReference; lastKnownFileType = image.png; path = tab_sobre.png; sourceTree = "<group>"; };
		DD7A22FB17F06F3200FE8435 /* tab_sobre@2x.png */ = {isa = PBXFileReference; lastKnownFileType = image.png; path = "tab_sobre@2x.png"; sourceTree = "<group>"; };
		DD7A232217F0705300FE8435 /* ListaCarrosViewController.h */ = {isa = PBXFileReference; fileEncoding = 4; lastKnownFileType = sourcecode.c.h; name = ListaCarrosViewController.h; path = Classes/ListaCarrosViewController.h; sourceTree = "<group>"; };
		DD7A232317F0705300FE8435 /* ListaCarrosViewController.m */ = {isa = PBXFileReference; fileEncoding = 4; lastKnownFileType = sourcecode.c.objc; name = ListaCarrosViewController.m; path = Classes/ListaCarrosViewController.m; sourceTree = "<group>"; };
		DD7A232417F0705300FE8435 /* ListaCarrosViewController.xib */ = {isa = PBXFileReference; fileEncoding = 4; lastKnownFileType = file.xib; name = ListaCarrosViewController.xib; path = Classes/ListaCarrosViewController.xib; sourceTree = "<group>"; };
		DD7A232C17F0706B00FE8435 /* SobreViewController.h */ = {isa = PBXFileReference; fileEncoding = 4; lastKnownFileType = sourcecode.c.h; name = SobreViewController.h; path = Classes/SobreViewController.h; sourceTree = "<group>"; };
		DD7A232D17F0706B00FE8435 /* SobreViewController.m */ = {isa = PBXFileReference; fileEncoding = 4; lastKnownFileType = sourcecode.c.objc; name = SobreViewController.m; path = Classes/SobreViewController.m; sourceTree = "<group>"; };
		DD7A232E17F0706B00FE8435 /* SobreViewController.xib */ = {isa = PBXFileReference; fileEncoding = 4; lastKnownFileType = file.xib; name = SobreViewController.xib; path = Classes/SobreViewController.xib; sourceTree = "<group>"; };
		DD7A233117F0708B00FE8435 /* DetalhesCarroViewController.h */ = {isa = PBXFileReference; fileEncoding = 4; lastKnownFileType = sourcecode.c.h; name = DetalhesCarroViewController.h; path = Classes/DetalhesCarroViewController.h; sourceTree = "<group>"; };
		DD7A233217F0708B00FE8435 /* DetalhesCarroViewController.m */ = {isa = PBXFileReference; fileEncoding = 4; lastKnownFileType = sourcecode.c.objc; name = DetalhesCarroViewController.m; path = Classes/DetalhesCarroViewController.m; sourceTree = "<group>"; };
		DD7A233317F0708B00FE8435 /* DetalhesCarroViewController.xib */ = {isa = PBXFileReference; fileEncoding = 4; lastKnownFileType = file.xib; name = DetalhesCarroViewController.xib; path = Classes/DetalhesCarroViewController.xib; sourceTree = "<group>"; };
		DD7A233717F093FF00FE8435 /* Alerta.h */ = {isa = PBXFileReference; fileEncoding = 4; lastKnownFileType = sourcecode.c.h; name = Alerta.h; path = Classes/Utils/Alerta.h; sourceTree = "<group>"; };
		DD7A233817F093FF00FE8435 /* Alerta.m */ = {isa = PBXFileReference; fileEncoding = 4; lastKnownFileType = sourcecode.c.objc; name = Alerta.m; path = Classes/Utils/Alerta.m; sourceTree = "<group>"; };
/* End PBXFileReference section */

/* Begin PBXFrameworksBuildPhase section */
		DD7A22A017F06F1200FE8435 /* Frameworks */ = {
			isa = PBXFrameworksBuildPhase;
			buildActionMask = 2147483647;
			files = (
				DD7A22A917F06F1200FE8435 /* CoreGraphics.framework in Frameworks */,
				DD7A22AB17F06F1200FE8435 /* UIKit.framework in Frameworks */,
				DD7A22A717F06F1200FE8435 /* Foundation.framework in Frameworks */,
			);
			runOnlyForDeploymentPostprocessing = 0;
		};
		DD7A22BB17F06F1200FE8435 /* Frameworks */ = {
			isa = PBXFrameworksBuildPhase;
			buildActionMask = 2147483647;
			files = (
				DD7A22C017F06F1200FE8435 /* XCTest.framework in Frameworks */,
				DD7A22C217F06F1200FE8435 /* UIKit.framework in Frameworks */,
				DD7A22C117F06F1200FE8435 /* Foundation.framework in Frameworks */,
			);
			runOnlyForDeploymentPostprocessing = 0;
		};
/* End PBXFrameworksBuildPhase section */

/* Begin PBXGroup section */
		DD7A229A17F06F1200FE8435 = {
			isa = PBXGroup;
			children = (
				DD7A22AC17F06F1200FE8435 /* Carros */,
				DD7A22C517F06F1200FE8435 /* CarrosTests */,
				DD7A22A517F06F1200FE8435 /* Frameworks */,
				DD7A22A417F06F1200FE8435 /* Products */,
			);
			sourceTree = "<group>";
		};
		DD7A22A417F06F1200FE8435 /* Products */ = {
			isa = PBXGroup;
			children = (
				DD7A22A317F06F1200FE8435 /* Carros.app */,
				DD7A22BE17F06F1200FE8435 /* CarrosTests.xctest */,
			);
			name = Products;
			sourceTree = "<group>";
		};
		DD7A22A517F06F1200FE8435 /* Frameworks */ = {
			isa = PBXGroup;
			children = (
				DD7A22A617F06F1200FE8435 /* Foundation.framework */,
				DD7A22A817F06F1200FE8435 /* CoreGraphics.framework */,
				DD7A22AA17F06F1200FE8435 /* UIKit.framework */,
				DD7A22BF17F06F1200FE8435 /* XCTest.framework */,
			);
			name = Frameworks;
			sourceTree = "<group>";
		};
		DD7A22AC17F06F1200FE8435 /* Carros */ = {
			isa = PBXGroup;
			children = (
				DD7A22B517F06F1200FE8435 /* AppDelegate.h */,
				DD7A22B617F06F1200FE8435 /* AppDelegate.m */,
				DD7A231F17F0701B00FE8435 /* Classes */,
				DD7A22D517F06F1B00FE8435 /* Resources */,
				DD7A22AD17F06F1200FE8435 /* Supporting Files */,
			);
			path = Carros;
			sourceTree = "<group>";
		};
		DD7A22AD17F06F1200FE8435 /* Supporting Files */ = {
			isa = PBXGroup;
			children = (
				DD7A22AE17F06F1200FE8435 /* Carros-Info.plist */,
				DD7A22AF17F06F1200FE8435 /* InfoPlist.strings */,
				DD7A22B217F06F1200FE8435 /* main.m */,
				DD7A22B417F06F1200FE8435 /* Carros-Prefix.pch */,
			);
			name = "Supporting Files";
			sourceTree = "<group>";
		};
		DD7A22C517F06F1200FE8435 /* CarrosTests */ = {
			isa = PBXGroup;
			children = (
				DD7A22CB17F06F1200FE8435 /* CarrosTests.m */,
				DD7A22C617F06F1200FE8435 /* Supporting Files */,
			);
			path = CarrosTests;
			sourceTree = "<group>";
		};
		DD7A22C617F06F1200FE8435 /* Supporting Files */ = {
			isa = PBXGroup;
			children = (
				DD7A22C717F06F1200FE8435 /* CarrosTests-Info.plist */,
				DD7A22C817F06F1200FE8435 /* InfoPlist.strings */,
			);
			name = "Supporting Files";
			sourceTree = "<group>";
		};
		DD7A22D517F06F1B00FE8435 /* Resources */ = {
			isa = PBXGroup;
			children = (
				DD7A22B817F06F1200FE8435 /* Images.xcassets */,
				DD7A22D617F06F3200FE8435 /* Imagens */,
			);
			name = Resources;
			sourceTree = "<group>";
		};
		DD7A22D617F06F3200FE8435 /* Imagens */ = {
			isa = PBXGroup;
			children = (
				DD7A22D717F06F3200FE8435 /* AppIcon */,
				DD7A22E717F06F3200FE8435 /* Splash */,
				DD7A22E517F06F3200FE8435 /* ferrari_ff.png */,
				DD7A22E617F06F3200FE8435 /* mclaren.png */,
				DD7A22F817F06F3200FE8435 /* tab_carros.png */,
				DD7A22F917F06F3200FE8435 /* tab_carros@2x.png */,
				DD7A22FA17F06F3200FE8435 /* tab_sobre.png */,
				DD7A22FB17F06F3200FE8435 /* tab_sobre@2x.png */,
			);
			path = Imagens;
			sourceTree = "<group>";
		};
		DD7A22D717F06F3200FE8435 /* AppIcon */ = {
			isa = PBXGroup;
			children = (
				DD7A22D817F06F3200FE8435 /* AppIcon120x120.png */,
				DD7A22D917F06F3200FE8435 /* AppIcon29x29.png */,
				DD7A22DA17F06F3200FE8435 /* AppIcon29x29@2x.png */,
				DD7A22DB17F06F3200FE8435 /* AppIcon40x40.png */,
				DD7A22DC17F06F3200FE8435 /* AppIcon40x40@2x.png */,
				DD7A22DD17F06F3200FE8435 /* AppIcon50x50.png */,
				DD7A22DE17F06F3200FE8435 /* AppIcon50x50@2x.png */,
				DD7A22DF17F06F3200FE8435 /* AppIcon57x57.png */,
				DD7A22E017F06F3200FE8435 /* AppIcon57x57@2x.png */,
				DD7A22E117F06F3200FE8435 /* AppIcon72x72.png */,
				DD7A22E217F06F3200FE8435 /* AppIcon72x72@2x.png */,
				DD7A22E317F06F3200FE8435 /* AppIcon76x76.png */,
				DD7A22E417F06F3200FE8435 /* AppIcon76x76@2x.png */,
			);
			path = AppIcon;
			sourceTree = "<group>";
		};
		DD7A22E717F06F3200FE8435 /* Splash */ = {
			isa = PBXGroup;
			children = (
				DD7A22E817F06F3200FE8435 /* Default-568h@2X.png */,
				DD7A22E917F06F3200FE8435 /* Default-568h@2x~iphone.png */,
				DD7A22EA17F06F3200FE8435 /* Default-Landscape.png */,
				DD7A22EB17F06F3200FE8435 /* Default-Landscape@2x.png */,
				DD7A22EC17F06F3200FE8435 /* Default-Landscape@2x~iPad.png */,
				DD7A22ED17F06F3200FE8435 /* Default-Landscape~iPad.png */,
				DD7A22EE17F06F3200FE8435 /* Default-Landscape~iPad@2x.png */,
				DD7A22EF17F06F3200FE8435 /* Default-Portrait.png */,
				DD7A22F017F06F3200FE8435 /* Default-Portrait@2x.png */,
				DD7A22F117F06F3200FE8435 /* Default-Portrait@2x~iPad.png */,
				DD7A22F217F06F3200FE8435 /* Default-Portrait~iPad.png */,
				DD7A22F317F06F3200FE8435 /* Default.png */,
				DD7A22F417F06F3200FE8435 /* Default@2X.png */,
				DD7A22F517F06F3200FE8435 /* Default@2x~ipad.png */,
				DD7A22F617F06F3200FE8435 /* Default~ipad.png */,
				DD7A22F717F06F3200FE8435 /* Default~iphone.png */,
			);
			path = Splash;
			sourceTree = "<group>";
		};
		DD7A231F17F0701B00FE8435 /* Classes */ = {
			isa = PBXGroup;
			children = (
				DD7A232017F0702400FE8435 /* ListaCarros */,
				DD7A232117F0702D00FE8435 /* Sobre */,
				DD7A233617F093ED00FE8435 /* Utils */,
			);
			name = Classes;
			sourceTree = "<group>";
		};
		DD7A232017F0702400FE8435 /* ListaCarros */ = {
			isa = PBXGroup;
			children = (
				DD7A232217F0705300FE8435 /* ListaCarrosViewController.h */,
				DD7A232317F0705300FE8435 /* ListaCarrosViewController.m */,
				DD7A232417F0705300FE8435 /* ListaCarrosViewController.xib */,
				DD7A233117F0708B00FE8435 /* DetalhesCarroViewController.h */,
				DD7A233217F0708B00FE8435 /* DetalhesCarroViewController.m */,
				DD7A233317F0708B00FE8435 /* DetalhesCarroViewController.xib */,
			);
			name = ListaCarros;
			sourceTree = "<group>";
		};
		DD7A232117F0702D00FE8435 /* Sobre */ = {
			isa = PBXGroup;
			children = (
				DD7A232C17F0706B00FE8435 /* SobreViewController.h */,
				DD7A232D17F0706B00FE8435 /* SobreViewController.m */,
				DD7A232E17F0706B00FE8435 /* SobreViewController.xib */,
			);
			name = Sobre;
			sourceTree = "<group>";
		};
		DD7A233617F093ED00FE8435 /* Utils */ = {
			isa = PBXGroup;
			children = (
				DD7A233717F093FF00FE8435 /* Alerta.h */,
				DD7A233817F093FF00FE8435 /* Alerta.m */,
			);
			name = Utils;
			sourceTree = "<group>";
		};
/* End PBXGroup section */

/* Begin PBXNativeTarget section */
		DD7A22A217F06F1200FE8435 /* Carros */ = {
			isa = PBXNativeTarget;
			buildConfigurationList = DD7A22CF17F06F1200FE8435 /* Build configuration list for PBXNativeTarget "Carros" */;
			buildPhases = (
				DD7A229F17F06F1200FE8435 /* Sources */,
				DD7A22A017F06F1200FE8435 /* Frameworks */,
				DD7A22A117F06F1200FE8435 /* Resources */,
			);
			buildRules = (
			);
			dependencies = (
			);
			name = Carros;
			productName = Carros;
			productReference = DD7A22A317F06F1200FE8435 /* Carros.app */;
			productType = "com.apple.product-type.application";
		};
		DD7A22BD17F06F1200FE8435 /* CarrosTests */ = {
			isa = PBXNativeTarget;
			buildConfigurationList = DD7A22D217F06F1200FE8435 /* Build configuration list for PBXNativeTarget "CarrosTests" */;
			buildPhases = (
				DD7A22BA17F06F1200FE8435 /* Sources */,
				DD7A22BB17F06F1200FE8435 /* Frameworks */,
				DD7A22BC17F06F1200FE8435 /* Resources */,
			);
			buildRules = (
			);
			dependencies = (
				DD7A22C417F06F1200FE8435 /* PBXTargetDependency */,
			);
			name = CarrosTests;
			productName = CarrosTests;
			productReference = DD7A22BE17F06F1200FE8435 /* CarrosTests.xctest */;
			productType = "com.apple.product-type.bundle.unit-test";
		};
/* End PBXNativeTarget section */

/* Begin PBXProject section */
		DD7A229B17F06F1200FE8435 /* Project object */ = {
			isa = PBXProject;
			attributes = {
				LastUpgradeCheck = 0500;
				ORGANIZATIONNAME = "Ricardo Lecheta";
				TargetAttributes = {
					DD7A22BD17F06F1200FE8435 = {
						TestTargetID = DD7A22A217F06F1200FE8435;
					};
				};
			};
			buildConfigurationList = DD7A229E17F06F1200FE8435 /* Build configuration list for PBXProject "Carros" */;
			compatibilityVersion = "Xcode 3.2";
			developmentRegion = English;
			hasScannedForEncodings = 0;
			knownRegions = (
				en,
			);
			mainGroup = DD7A229A17F06F1200FE8435;
			productRefGroup = DD7A22A417F06F1200FE8435 /* Products */;
			projectDirPath = "";
			projectRoot = "";
			targets = (
				DD7A22A217F06F1200FE8435 /* Carros */,
				DD7A22BD17F06F1200FE8435 /* CarrosTests */,
			);
		};
/* End PBXProject section */

/* Begin PBXResourcesBuildPhase section */
		DD7A22A117F06F1200FE8435 /* Resources */ = {
			isa = PBXResourcesBuildPhase;
			buildActionMask = 2147483647;
			files = (
				DD7A231417F06F3200FE8435 /* Default-Portrait@2x~iPad.png in Resources */,
				DD7A22B117F06F1200FE8435 /* InfoPlist.strings in Resources */,
				DD7A231A17F06F3200FE8435 /* Default~iphone.png in Resources */,
				DD7A231717F06F3200FE8435 /* Default@2X.png in Resources */,
				DD7A231617F06F3200FE8435 /* Default.png in Resources */,
				DD7A231917F06F3200FE8435 /* Default~ipad.png in Resources */,
				DD7A232617F0705300FE8435 /* ListaCarrosViewController.xib in Resources */,
				DD7A231C17F06F3200FE8435 /* tab_carros@2x.png in Resources */,
				DD7A22FF17F06F3200FE8435 /* AppIcon40x40.png in Resources */,
				DD7A231517F06F3200FE8435 /* Default-Portrait~iPad.png in Resources */,
				DD7A233017F0706B00FE8435 /* SobreViewController.xib in Resources */,
				DD7A231E17F06F3200FE8435 /* tab_sobre@2x.png in Resources */,
				DD7A233517F0708B00FE8435 /* DetalhesCarroViewController.xib in Resources */,
				DD7A231D17F06F3200FE8435 /* tab_sobre.png in Resources */,
				DD7A230817F06F3200FE8435 /* AppIcon76x76@2x.png in Resources */,
				DD7A230F17F06F3200FE8435 /* Default-Landscape@2x~iPad.png in Resources */,
				DD7A231817F06F3200FE8435 /* Default@2x~ipad.png in Resources */,
				DD7A230017F06F3200FE8435 /* AppIcon40x40@2x.png in Resources */,
				DD7A22FE17F06F3200FE8435 /* AppIcon29x29@2x.png in Resources */,
				DD7A230B17F06F3200FE8435 /* Default-568h@2X.png in Resources */,
				DD7A22B917F06F1200FE8435 /* Images.xcassets in Resources */,
				DD7A231217F06F3200FE8435 /* Default-Portrait.png in Resources */,
				DD7A230217F06F3200FE8435 /* AppIcon50x50@2x.png in Resources */,
				DD7A230917F06F3200FE8435 /* ferrari_ff.png in Resources */,
				DD7A231317F06F3200FE8435 /* Default-Portrait@2x.png in Resources */,
				DD7A230A17F06F3200FE8435 /* mclaren.png in Resources */,
				DD7A231117F06F3200FE8435 /* Default-Landscape~iPad@2x.png in Resources */,
				DD7A22FC17F06F3200FE8435 /* AppIcon120x120.png in Resources */,
				DD7A230517F06F3200FE8435 /* AppIcon72x72.png in Resources */,
				DD7A230617F06F3200FE8435 /* AppIcon72x72@2x.png in Resources */,
				DD7A231017F06F3200FE8435 /* Default-Landscape~iPad.png in Resources */,
				DD7A231B17F06F3200FE8435 /* tab_carros.png in Resources */,
				DD7A230D17F06F3200FE8435 /* Default-Landscape.png in Resources */,
				DD7A230C17F06F3200FE8435 /* Default-568h@2x~iphone.png in Resources */,
				DD7A230717F06F3200FE8435 /* AppIcon76x76.png in Resources */,
				DD7A230E17F06F3200FE8435 /* Default-Landscape@2x.png in Resources */,
				DD7A230317F06F3200FE8435 /* AppIcon57x57.png in Resources */,
				DD7A22FD17F06F3200FE8435 /* AppIcon29x29.png in Resources */,
				DD7A230417F06F3200FE8435 /* AppIcon57x57@2x.png in Resources */,
				DD7A230117F06F3200FE8435 /* AppIcon50x50.png in Resources */,
			);
			runOnlyForDeploymentPostprocessing = 0;
		};
		DD7A22BC17F06F1200FE8435 /* Resources */ = {
			isa = PBXResourcesBuildPhase;
			buildActionMask = 2147483647;
			files = (
				DD7A22CA17F06F1200FE8435 /* InfoPlist.strings in Resources */,
			);
			runOnlyForDeploymentPostprocessing = 0;
		};
/* End PBXResourcesBuildPhase section */

/* Begin PBXSourcesBuildPhase section */
		DD7A229F17F06F1200FE8435 /* Sources */ = {
			isa = PBXSourcesBuildPhase;
			buildActionMask = 2147483647;
			files = (
				DD7A233917F093FF00FE8435 /* Alerta.m in Sources */,
				DD7A22B717F06F1200FE8435 /* AppDelegate.m in Sources */,
				DD7A232517F0705300FE8435 /* ListaCarrosViewController.m in Sources */,
				DD7A232F17F0706B00FE8435 /* SobreViewController.m in Sources */,
				DD7A233417F0708B00FE8435 /* DetalhesCarroViewController.m in Sources */,
				DD7A22B317F06F1200FE8435 /* main.m in Sources */,
			);
			runOnlyForDeploymentPostprocessing = 0;
		};
		DD7A22BA17F06F1200FE8435 /* Sources */ = {
			isa = PBXSourcesBuildPhase;
			buildActionMask = 2147483647;
			files = (
				DD7A22CC17F06F1200FE8435 /* CarrosTests.m in Sources */,
			);
			runOnlyForDeploymentPostprocessing = 0;
		};
/* End PBXSourcesBuildPhase section */

/* Begin PBXTargetDependency section */
		DD7A22C417F06F1200FE8435 /* PBXTargetDependency */ = {
			isa = PBXTargetDependency;
			target = DD7A22A217F06F1200FE8435 /* Carros */;
			targetProxy = DD7A22C317F06F1200FE8435 /* PBXContainerItemProxy */;
		};
/* End PBXTargetDependency section */

/* Begin PBXVariantGroup section */
		DD7A22AF17F06F1200FE8435 /* InfoPlist.strings */ = {
			isa = PBXVariantGroup;
			children = (
				DD7A22B017F06F1200FE8435 /* en */,
			);
			name = InfoPlist.strings;
			sourceTree = "<group>";
		};
		DD7A22C817F06F1200FE8435 /* InfoPlist.strings */ = {
			isa = PBXVariantGroup;
			children = (
				DD7A22C917F06F1200FE8435 /* en */,
			);
			name = InfoPlist.strings;
			sourceTree = "<group>";
		};
/* End PBXVariantGroup section */

/* Begin XCBuildConfiguration section */
		DD7A22CD17F06F1200FE8435 /* Debug */ = {
			isa = XCBuildConfiguration;
			buildSettings = {
				ALWAYS_SEARCH_USER_PATHS = NO;
				ARCHS = "$(ARCHS_STANDARD_INCLUDING_64_BIT)";
				CLANG_CXX_LANGUAGE_STANDARD = "gnu++0x";
				CLANG_CXX_LIBRARY = "libc++";
				CLANG_ENABLE_MODULES = YES;
				CLANG_ENABLE_OBJC_ARC = YES;
				CLANG_WARN_BOOL_CONVERSION = YES;
				CLANG_WARN_CONSTANT_CONVERSION = YES;
				CLANG_WARN_DIRECT_OBJC_ISA_USAGE = YES_ERROR;
				CLANG_WARN_EMPTY_BODY = YES;
				CLANG_WARN_ENUM_CONVERSION = YES;
				CLANG_WARN_INT_CONVERSION = YES;
				CLANG_WARN_OBJC_ROOT_CLASS = YES_ERROR;
				CLANG_WARN__DUPLICATE_METHOD_MATCH = YES;
				"CODE_SIGN_IDENTITY[sdk=iphoneos*]" = "iPhone Developer";
				COPY_PHASE_STRIP = NO;
				GCC_C_LANGUAGE_STANDARD = gnu99;
				GCC_DYNAMIC_NO_PIC = NO;
				GCC_OPTIMIZATION_LEVEL = 0;
				GCC_PREPROCESSOR_DEFINITIONS = (
					"DEBUG=1",
					"$(inherited)",
				);
				GCC_SYMBOLS_PRIVATE_EXTERN = NO;
				GCC_WARN_64_TO_32_BIT_CONVERSION = YES;
				GCC_WARN_ABOUT_RETURN_TYPE = YES_ERROR;
				GCC_WARN_UNDECLARED_SELECTOR = YES;
				GCC_WARN_UNINITIALIZED_AUTOS = YES;
				GCC_WARN_UNUSED_FUNCTION = YES;
				GCC_WARN_UNUSED_VARIABLE = YES;
				IPHONEOS_DEPLOYMENT_TARGET = 7.0;
				ONLY_ACTIVE_ARCH = YES;
				SDKROOT = iphoneos;
				TARGETED_DEVICE_FAMILY = "1,2";
			};
			name = Debug;
		};
		DD7A22CE17F06F1200FE8435 /* Release */ = {
			isa = XCBuildConfiguration;
			buildSettings = {
				ALWAYS_SEARCH_USER_PATHS = NO;
				ARCHS = "$(ARCHS_STANDARD_INCLUDING_64_BIT)";
				CLANG_CXX_LANGUAGE_STANDARD = "gnu++0x";
				CLANG_CXX_LIBRARY = "libc++";
				CLANG_ENABLE_MODULES = YES;
				CLANG_ENABLE_OBJC_ARC = YES;
				CLANG_WARN_BOOL_CONVERSION = YES;
				CLANG_WARN_CONSTANT_CONVERSION = YES;
				CLANG_WARN_DIRECT_OBJC_ISA_USAGE = YES_ERROR;
				CLANG_WARN_EMPTY_BODY = YES;
				CLANG_WARN_ENUM_CONVERSION = YES;
				CLANG_WARN_INT_CONVERSION = YES;
				CLANG_WARN_OBJC_ROOT_CLASS = YES_ERROR;
				CLANG_WARN__DUPLICATE_METHOD_MATCH = YES;
				"CODE_SIGN_IDENTITY[sdk=iphoneos*]" = "iPhone Developer";
				COPY_PHASE_STRIP = YES;
				ENABLE_NS_ASSERTIONS = NO;
				GCC_C_LANGUAGE_STANDARD = gnu99;
				GCC_WARN_64_TO_32_BIT_CONVERSION = YES;
				GCC_WARN_ABOUT_RETURN_TYPE = YES_ERROR;
				GCC_WARN_UNDECLARED_SELECTOR = YES;
				GCC_WARN_UNINITIALIZED_AUTOS = YES;
				GCC_WARN_UNUSED_FUNCTION = YES;
				GCC_WARN_UNUSED_VARIABLE = YES;
				IPHONEOS_DEPLOYMENT_TARGET = 7.0;
				SDKROOT = iphoneos;
				TARGETED_DEVICE_FAMILY = "1,2";
				VALIDATE_PRODUCT = YES;
			};
			name = Release;
		};
		DD7A22D017F06F1200FE8435 /* Debug */ = {
			isa = XCBuildConfiguration;
			buildSettings = {
				GCC_PRECOMPILE_PREFIX_HEADER = YES;
				GCC_PREFIX_HEADER = "Carros/Carros-Prefix.pch";
				INFOPLIST_FILE = "Carros/Carros-Info.plist";
				PRODUCT_NAME = "$(TARGET_NAME)";
				WRAPPER_EXTENSION = app;
			};
			name = Debug;
		};
		DD7A22D117F06F1200FE8435 /* Release */ = {
			isa = XCBuildConfiguration;
			buildSettings = {
				GCC_PRECOMPILE_PREFIX_HEADER = YES;
				GCC_PREFIX_HEADER = "Carros/Carros-Prefix.pch";
				INFOPLIST_FILE = "Carros/Carros-Info.plist";
				PRODUCT_NAME = "$(TARGET_NAME)";
				WRAPPER_EXTENSION = app;
			};
			name = Release;
		};
		DD7A22D317F06F1200FE8435 /* Debug */ = {
			isa = XCBuildConfiguration;
			buildSettings = {
				ARCHS = "$(ARCHS_STANDARD_INCLUDING_64_BIT)";
				BUNDLE_LOADER = "$(BUILT_PRODUCTS_DIR)/Carros.app/Carros";
				FRAMEWORK_SEARCH_PATHS = (
					"$(SDKROOT)/Developer/Library/Frameworks",
					"$(inherited)",
					"$(DEVELOPER_FRAMEWORKS_DIR)",
				);
				GCC_PRECOMPILE_PREFIX_HEADER = YES;
				GCC_PREFIX_HEADER = "Carros/Carros-Prefix.pch";
				GCC_PREPROCESSOR_DEFINITIONS = (
					"DEBUG=1",
					"$(inherited)",
				);
				INFOPLIST_FILE = "CarrosTests/CarrosTests-Info.plist";
				PRODUCT_NAME = "$(TARGET_NAME)";
				TEST_HOST = "$(BUNDLE_LOADER)";
				WRAPPER_EXTENSION = xctest;
			};
			name = Debug;
		};
		DD7A22D417F06F1200FE8435 /* Release */ = {
			isa = XCBuildConfiguration;
			buildSettings = {
				ARCHS = "$(ARCHS_STANDARD_INCLUDING_64_BIT)";
				BUNDLE_LOADER = "$(BUILT_PRODUCTS_DIR)/Carros.app/Carros";
				FRAMEWORK_SEARCH_PATHS = (
					"$(SDKROOT)/Developer/Library/Frameworks",
					"$(inherited)",
					"$(DEVELOPER_FRAMEWORKS_DIR)",
				);
				GCC_PRECOMPILE_PREFIX_HEADER = YES;
				GCC_PREFIX_HEADER = "Carros/Carros-Prefix.pch";
				INFOPLIST_FILE = "CarrosTests/CarrosTests-Info.plist";
				PRODUCT_NAME = "$(TARGET_NAME)";
				TEST_HOST = "$(BUNDLE_LOADER)";
				WRAPPER_EXTENSION = xctest;
			};
			name = Release;
		};
/* End XCBuildConfiguration section */

/* Begin XCConfigurationList section */
		DD7A229E17F06F1200FE8435 /* Build configuration list for PBXProject "Carros" */ = {
			isa = XCConfigurationList;
			buildConfigurations = (
				DD7A22CD17F06F1200FE8435 /* Debug */,
				DD7A22CE17F06F1200FE8435 /* Release */,
			);
			defaultConfigurationIsVisible = 0;
			defaultConfigurationName = Release;
		};
		DD7A22CF17F06F1200FE8435 /* Build configuration list for PBXNativeTarget "Carros" */ = {
			isa = XCConfigurationList;
			buildConfigurations = (
				DD7A22D017F06F1200FE8435 /* Debug */,
				DD7A22D117F06F1200FE8435 /* Release */,
			);
			defaultConfigurationIsVisible = 0;
			defaultConfigurationName = Release;
		};
		DD7A22D217F06F1200FE8435 /* Build configuration list for PBXNativeTarget "CarrosTests" */ = {
			isa = XCConfigurationList;
			buildConfigurations = (
				DD7A22D317F06F1200FE8435 /* Debug */,
				DD7A22D417F06F1200FE8435 /* Release */,
			);
			defaultConfigurationIsVisible = 0;
			defaultConfigurationName = Release;
		};
/* End XCConfigurationList section */
	};
	rootObject = DD7A229B17F06F1200FE8435 /* Project object */;
}
