// !$*UTF8*$!
{
	archiveVersion = 1;
	classes = {
	};
	objectVersion = 46;
	objects = {

/* Begin PBXBuildFile section */
		DD53775C17D23DBF002DD416 /* Foundation.framework in Frameworks */ = {isa = PBXBuildFile; fileRef = DD53775B17D23DBF002DD416 /* Foundation.framework */; };
		DD53775E17D23DBF002DD416 /* CoreGraphics.framework in Frameworks */ = {isa = PBXBuildFile; fileRef = DD53775D17D23DBF002DD416 /* CoreGraphics.framework */; };
		DD53776017D23DBF002DD416 /* UIKit.framework in Frameworks */ = {isa = PBXBuildFile; fileRef = DD53775F17D23DBF002DD416 /* UIKit.framework */; };
		DD53776617D23DC0002DD416 /* InfoPlist.strings in Resources */ = {isa = PBXBuildFile; fileRef = DD53776417D23DC0002DD416 /* InfoPlist.strings */; };
		DD53776817D23DC0002DD416 /* main.m in Sources */ = {isa = PBXBuildFile; fileRef = DD53776717D23DC0002DD416 /* main.m */; };
		DD53776C17D23DC0002DD416 /* AppDelegate.m in Sources */ = {isa = PBXBuildFile; fileRef = DD53776B17D23DC0002DD416 /* AppDelegate.m */; };
		DD53776F17D23DC0002DD416 /* Main_iPhone.storyboard in Resources */ = {isa = PBXBuildFile; fileRef = DD53776D17D23DC0002DD416 /* Main_iPhone.storyboard */; };
		DD53777217D23DC0002DD416 /* Main_iPad.storyboard in Resources */ = {isa = PBXBuildFile; fileRef = DD53777017D23DC0002DD416 /* Main_iPad.storyboard */; };
		DD53777517D23DC0002DD416 /* ViewController.m in Sources */ = {isa = PBXBuildFile; fileRef = DD53777417D23DC0002DD416 /* ViewController.m */; };
		DD53777717D23DC0002DD416 /* Images.xcassets in Resources */ = {isa = PBXBuildFile; fileRef = DD53777617D23DC0002DD416 /* Images.xcassets */; };
		DD53777E17D23DC0002DD416 /* XCTest.framework in Frameworks */ = {isa = PBXBuildFile; fileRef = DD53777D17D23DC0002DD416 /* XCTest.framework */; };
		DD53777F17D23DC0002DD416 /* Foundation.framework in Frameworks */ = {isa = PBXBuildFile; fileRef = DD53775B17D23DBF002DD416 /* Foundation.framework */; };
		DD53778017D23DC0002DD416 /* UIKit.framework in Frameworks */ = {isa = PBXBuildFile; fileRef = DD53775F17D23DBF002DD416 /* UIKit.framework */; };
		DD53778817D23DC0002DD416 /* InfoPlist.strings in Resources */ = {isa = PBXBuildFile; fileRef = DD53778617D23DC0002DD416 /* InfoPlist.strings */; };
		DD53778A17D23DC0002DD416 /* HelloCameraTests.m in Sources */ = {isa = PBXBuildFile; fileRef = DD53778917D23DC0002DD416 /* HelloCameraTests.m */; };
/* End PBXBuildFile section */

/* Begin PBXContainerItemProxy section */
		DD53778117D23DC0002DD416 /* PBXContainerItemProxy */ = {
			isa = PBXContainerItemProxy;
			containerPortal = DD53775017D23DBF002DD416 /* Project object */;
			proxyType = 1;
			remoteGlobalIDString = DD53775717D23DBF002DD416;
			remoteInfo = HelloCamera;
		};
/* End PBXContainerItemProxy section */

/* Begin PBXFileReference section */
		DD53775817D23DBF002DD416 /* HelloCamera.app */ = {isa = PBXFileReference; explicitFileType = wrapper.application; includeInIndex = 0; path = HelloCamera.app; sourceTree = BUILT_PRODUCTS_DIR; };
		DD53775B17D23DBF002DD416 /* Foundation.framework */ = {isa = PBXFileReference; lastKnownFileType = wrapper.framework; name = Foundation.framework; path = System/Library/Frameworks/Foundation.framework; sourceTree = SDKROOT; };
		DD53775D17D23DBF002DD416 /* CoreGraphics.framework */ = {isa = PBXFileReference; lastKnownFileType = wrapper.framework; name = CoreGraphics.framework; path = System/Library/Frameworks/CoreGraphics.framework; sourceTree = SDKROOT; };
		DD53775F17D23DBF002DD416 /* UIKit.framework */ = {isa = PBXFileReference; lastKnownFileType = wrapper.framework; name = UIKit.framework; path = System/Library/Frameworks/UIKit.framework; sourceTree = SDKROOT; };
		DD53776317D23DBF002DD416 /* HelloCamera-Info.plist */ = {isa = PBXFileReference; lastKnownFileType = text.plist.xml; path = "HelloCamera-Info.plist"; sourceTree = "<group>"; };
		DD53776517D23DC0002DD416 /* en */ = {isa = PBXFileReference; lastKnownFileType = text.plist.strings; name = en; path = en.lproj/InfoPlist.strings; sourceTree = "<group>"; };
		DD53776717D23DC0002DD416 /* main.m */ = {isa = PBXFileReference; lastKnownFileType = sourcecode.c.objc; path = main.m; sourceTree = "<group>"; };
		DD53776917D23DC0002DD416 /* HelloCamera-Prefix.pch */ = {isa = PBXFileReference; lastKnownFileType = sourcecode.c.h; path = "HelloCamera-Prefix.pch"; sourceTree = "<group>"; };
		DD53776A17D23DC0002DD416 /* AppDelegate.h */ = {isa = PBXFileReference; lastKnownFileType = sourcecode.c.h; path = AppDelegate.h; sourceTree = "<group>"; };
		DD53776B17D23DC0002DD416 /* AppDelegate.m */ = {isa = PBXFileReference; lastKnownFileType = sourcecode.c.objc; path = AppDelegate.m; sourceTree = "<group>"; };
		DD53776E17D23DC0002DD416 /* Base */ = {isa = PBXFileReference; lastKnownFileType = file.storyboard; name = Base; path = Base.lproj/Main_iPhone.storyboard; sourceTree = "<group>"; };
		DD53777117D23DC0002DD416 /* Base */ = {isa = PBXFileReference; lastKnownFileType = file.storyboard; name = Base; path = Base.lproj/Main_iPad.storyboard; sourceTree = "<group>"; };
		DD53777317D23DC0002DD416 /* ViewController.h */ = {isa = PBXFileReference; lastKnownFileType = sourcecode.c.h; path = ViewController.h; sourceTree = "<group>"; };
		DD53777417D23DC0002DD416 /* ViewController.m */ = {isa = PBXFileReference; lastKnownFileType = sourcecode.c.objc; path = ViewController.m; sourceTree = "<group>"; };
		DD53777617D23DC0002DD416 /* Images.xcassets */ = {isa = PBXFileReference; lastKnownFileType = folder.assetcatalog; path = Images.xcassets; sourceTree = "<group>"; };
		DD53777C17D23DC0002DD416 /* HelloCameraTests.xctest */ = {isa = PBXFileReference; explicitFileType = wrapper.cfbundle; includeInIndex = 0; path = HelloCameraTests.xctest; sourceTree = BUILT_PRODUCTS_DIR; };
		DD53777D17D23DC0002DD416 /* XCTest.framework */ = {isa = PBXFileReference; lastKnownFileType = wrapper.framework; name = XCTest.framework; path = Library/Frameworks/XCTest.framework; sourceTree = DEVELOPER_DIR; };
		DD53778517D23DC0002DD416 /* HelloCameraTests-Info.plist */ = {isa = PBXFileReference; lastKnownFileType = text.plist.xml; path = "HelloCameraTests-Info.plist"; sourceTree = "<group>"; };
		DD53778717D23DC0002DD416 /* en */ = {isa = PBXFileReference; lastKnownFileType = text.plist.strings; name = en; path = en.lproj/InfoPlist.strings; sourceTree = "<group>"; };
		DD53778917D23DC0002DD416 /* HelloCameraTests.m */ = {isa = PBXFileReference; lastKnownFileType = sourcecode.c.objc; path = HelloCameraTests.m; sourceTree = "<group>"; };
/* End PBXFileReference section */

/* Begin PBXFrameworksBuildPhase section */
		DD53775517D23DBF002DD416 /* Frameworks */ = {
			isa = PBXFrameworksBuildPhase;
			buildActionMask = 2147483647;
			files = (
				DD53775E17D23DBF002DD416 /* CoreGraphics.framework in Frameworks */,
				DD53776017D23DBF002DD416 /* UIKit.framework in Frameworks */,
				DD53775C17D23DBF002DD416 /* Foundation.framework in Frameworks */,
			);
			runOnlyForDeploymentPostprocessing = 0;
		};
		DD53777917D23DC0002DD416 /* Frameworks */ = {
			isa = PBXFrameworksBuildPhase;
			buildActionMask = 2147483647;
			files = (
				DD53777E17D23DC0002DD416 /* XCTest.framework in Frameworks */,
				DD53778017D23DC0002DD416 /* UIKit.framework in Frameworks */,
				DD53777F17D23DC0002DD416 /* Foundation.framework in Frameworks */,
			);
			runOnlyForDeploymentPostprocessing = 0;
		};
/* End PBXFrameworksBuildPhase section */

/* Begin PBXGroup section */
		DD53774F17D23DBF002DD416 = {
			isa = PBXGroup;
			children = (
				DD53776117D23DBF002DD416 /* HelloCamera */,
				DD53778317D23DC0002DD416 /* HelloCameraTests */,
				DD53775A17D23DBF002DD416 /* Frameworks */,
				DD53775917D23DBF002DD416 /* Products */,
			);
			sourceTree = "<group>";
		};
		DD53775917D23DBF002DD416 /* Products */ = {
			isa = PBXGroup;
			children = (
				DD53775817D23DBF002DD416 /* HelloCamera.app */,
				DD53777C17D23DC0002DD416 /* HelloCameraTests.xctest */,
			);
			name = Products;
			sourceTree = "<group>";
		};
		DD53775A17D23DBF002DD416 /* Frameworks */ = {
			isa = PBXGroup;
			children = (
				DD53775B17D23DBF002DD416 /* Foundation.framework */,
				DD53775D17D23DBF002DD416 /* CoreGraphics.framework */,
				DD53775F17D23DBF002DD416 /* UIKit.framework */,
				DD53777D17D23DC0002DD416 /* XCTest.framework */,
			);
			name = Frameworks;
			sourceTree = "<group>";
		};
		DD53776117D23DBF002DD416 /* HelloCamera */ = {
			isa = PBXGroup;
			children = (
				DD53776A17D23DC0002DD416 /* AppDelegate.h */,
				DD53776B17D23DC0002DD416 /* AppDelegate.m */,
				DD53776D17D23DC0002DD416 /* Main_iPhone.storyboard */,
				DD53777017D23DC0002DD416 /* Main_iPad.storyboard */,
				DD53777317D23DC0002DD416 /* ViewController.h */,
				DD53777417D23DC0002DD416 /* ViewController.m */,
				DD53777617D23DC0002DD416 /* Images.xcassets */,
				DD53776217D23DBF002DD416 /* Supporting Files */,
			);
			path = HelloCamera;
			sourceTree = "<group>";
		};
		DD53776217D23DBF002DD416 /* Supporting Files */ = {
			isa = PBXGroup;
			children = (
				DD53776317D23DBF002DD416 /* HelloCamera-Info.plist */,
				DD53776417D23DC0002DD416 /* InfoPlist.strings */,
				DD53776717D23DC0002DD416 /* main.m */,
				DD53776917D23DC0002DD416 /* HelloCamera-Prefix.pch */,
			);
			name = "Supporting Files";
			sourceTree = "<group>";
		};
		DD53778317D23DC0002DD416 /* HelloCameraTests */ = {
			isa = PBXGroup;
			children = (
				DD53778917D23DC0002DD416 /* HelloCameraTests.m */,
				DD53778417D23DC0002DD416 /* Supporting Files */,
			);
			path = HelloCameraTests;
			sourceTree = "<group>";
		};
		DD53778417D23DC0002DD416 /* Supporting Files */ = {
			isa = PBXGroup;
			children = (
				DD53778517D23DC0002DD416 /* HelloCameraTests-Info.plist */,
				DD53778617D23DC0002DD416 /* InfoPlist.strings */,
			);
			name = "Supporting Files";
			sourceTree = "<group>";
		};
/* End PBXGroup section */

/* Begin PBXNativeTarget section */
		DD53775717D23DBF002DD416 /* HelloCamera */ = {
			isa = PBXNativeTarget;
			buildConfigurationList = DD53778D17D23DC0002DD416 /* Build configuration list for PBXNativeTarget "HelloCamera" */;
			buildPhases = (
				DD53775417D23DBF002DD416 /* Sources */,
				DD53775517D23DBF002DD416 /* Frameworks */,
				DD53775617D23DBF002DD416 /* Resources */,
			);
			buildRules = (
			);
			dependencies = (
			);
			name = HelloCamera;
			productName = HelloCamera;
			productReference = DD53775817D23DBF002DD416 /* HelloCamera.app */;
			productType = "com.apple.product-type.application";
		};
		DD53777B17D23DC0002DD416 /* HelloCameraTests */ = {
			isa = PBXNativeTarget;
			buildConfigurationList = DD53779017D23DC0002DD416 /* Build configuration list for PBXNativeTarget "HelloCameraTests" */;
			buildPhases = (
				DD53777817D23DC0002DD416 /* Sources */,
				DD53777917D23DC0002DD416 /* Frameworks */,
				DD53777A17D23DC0002DD416 /* Resources */,
			);
			buildRules = (
			);
			dependencies = (
				DD53778217D23DC0002DD416 /* PBXTargetDependency */,
			);
			name = HelloCameraTests;
			productName = HelloCameraTests;
			productReference = DD53777C17D23DC0002DD416 /* HelloCameraTests.xctest */;
			productType = "com.apple.product-type.bundle.unit-test";
		};
/* End PBXNativeTarget section */

/* Begin PBXProject section */
		DD53775017D23DBF002DD416 /* Project object */ = {
			isa = PBXProject;
			attributes = {
				LastUpgradeCheck = 0500;
				ORGANIZATIONNAME = "Ricardo Lecheta";
				TargetAttributes = {
					DD53777B17D23DC0002DD416 = {
						TestTargetID = DD53775717D23DBF002DD416;
					};
				};
			};
			buildConfigurationList = DD53775317D23DBF002DD416 /* Build configuration list for PBXProject "HelloCamera" */;
			compatibilityVersion = "Xcode 3.2";
			developmentRegion = English;
			hasScannedForEncodings = 0;
			knownRegions = (
				en,
				Base,
			);
			mainGroup = DD53774F17D23DBF002DD416;
			productRefGroup = DD53775917D23DBF002DD416 /* Products */;
			projectDirPath = "";
			projectRoot = "";
			targets = (
				DD53775717D23DBF002DD416 /* HelloCamera */,
				DD53777B17D23DC0002DD416 /* HelloCameraTests */,
			);
		};
/* End PBXProject section */

/* Begin PBXResourcesBuildPhase section */
		DD53775617D23DBF002DD416 /* Resources */ = {
			isa = PBXResourcesBuildPhase;
			buildActionMask = 2147483647;
			files = (
				DD53777217D23DC0002DD416 /* Main_iPad.storyboard in Resources */,
				DD53777717D23DC0002DD416 /* Images.xcassets in Resources */,
				DD53776F17D23DC0002DD416 /* Main_iPhone.storyboard in Resources */,
				DD53776617D23DC0002DD416 /* InfoPlist.strings in Resources */,
			);
			runOnlyForDeploymentPostprocessing = 0;
		};
		DD53777A17D23DC0002DD416 /* Resources */ = {
			isa = PBXResourcesBuildPhase;
			buildActionMask = 2147483647;
			files = (
				DD53778817D23DC0002DD416 /* InfoPlist.strings in Resources */,
			);
			runOnlyForDeploymentPostprocessing = 0;
		};
/* End PBXResourcesBuildPhase section */

/* Begin PBXSourcesBuildPhase section */
		DD53775417D23DBF002DD416 /* Sources */ = {
			isa = PBXSourcesBuildPhase;
			buildActionMask = 2147483647;
			files = (
				DD53777517D23DC0002DD416 /* ViewController.m in Sources */,
				DD53776C17D23DC0002DD416 /* AppDelegate.m in Sources */,
				DD53776817D23DC0002DD416 /* main.m in Sources */,
			);
			runOnlyForDeploymentPostprocessing = 0;
		};
		DD53777817D23DC0002DD416 /* Sources */ = {
			isa = PBXSourcesBuildPhase;
			buildActionMask = 2147483647;
			files = (
				DD53778A17D23DC0002DD416 /* HelloCameraTests.m in Sources */,
			);
			runOnlyForDeploymentPostprocessing = 0;
		};
/* End PBXSourcesBuildPhase section */

/* Begin PBXTargetDependency section */
		DD53778217D23DC0002DD416 /* PBXTargetDependency */ = {
			isa = PBXTargetDependency;
			target = DD53775717D23DBF002DD416 /* HelloCamera */;
			targetProxy = DD53778117D23DC0002DD416 /* PBXContainerItemProxy */;
		};
/* End PBXTargetDependency section */

/* Begin PBXVariantGroup section */
		DD53776417D23DC0002DD416 /* InfoPlist.strings */ = {
			isa = PBXVariantGroup;
			children = (
				DD53776517D23DC0002DD416 /* en */,
			);
			name = InfoPlist.strings;
			sourceTree = "<group>";
		};
		DD53776D17D23DC0002DD416 /* Main_iPhone.storyboard */ = {
			isa = PBXVariantGroup;
			children = (
				DD53776E17D23DC0002DD416 /* Base */,
			);
			name = Main_iPhone.storyboard;
			sourceTree = "<group>";
		};
		DD53777017D23DC0002DD416 /* Main_iPad.storyboard */ = {
			isa = PBXVariantGroup;
			children = (
				DD53777117D23DC0002DD416 /* Base */,
			);
			name = Main_iPad.storyboard;
			sourceTree = "<group>";
		};
		DD53778617D23DC0002DD416 /* InfoPlist.strings */ = {
			isa = PBXVariantGroup;
			children = (
				DD53778717D23DC0002DD416 /* en */,
			);
			name = InfoPlist.strings;
			sourceTree = "<group>";
		};
/* End PBXVariantGroup section */

/* Begin XCBuildConfiguration section */
		DD53778B17D23DC0002DD416 /* Debug */ = {
			isa = XCBuildConfiguration;
			buildSettings = {
				ALWAYS_SEARCH_USER_PATHS = NO;
				CLANG_CXX_LANGUAGE_STANDARD = "gnu++0x";
				CLANG_CXX_LIBRARY = "libc++";
				CLANG_ENABLE_MODULES = YES;
				CLANG_ENABLE_OBJC_ARC = YES;
				CLANG_WARN_BOOL_CONVERSION = YES;
				CLANG_WARN_CONSTANT_CONVERSION = YES;
				CLANG_WARN_DIRECT_OBJC_ISA_USAGE = YES_ERROR;
				CLANG_WARN_EMPTY_BODY = YES;
				CLANG_WARN_ENUM_CONVERSION = YES;
				CLANG_WARN_INT_CONVERSION = YES;
				CLANG_WARN_OBJC_ROOT_CLASS = YES_ERROR;
				CLANG_WARN__DUPLICATE_METHOD_MATCH = YES;
				"CODE_SIGN_IDENTITY[sdk=iphoneos*]" = "iPhone Developer";
				COPY_PHASE_STRIP = NO;
				GCC_C_LANGUAGE_STANDARD = gnu99;
				GCC_DYNAMIC_NO_PIC = NO;
				GCC_OPTIMIZATION_LEVEL = 0;
				GCC_PREPROCESSOR_DEFINITIONS = (
					"DEBUG=1",
					"$(inherited)",
				);
				GCC_SYMBOLS_PRIVATE_EXTERN = NO;
				GCC_WARN_ABOUT_RETURN_TYPE = YES_ERROR;
				GCC_WARN_UNDECLARED_SELECTOR = YES;
				GCC_WARN_UNINITIALIZED_AUTOS = YES;
				GCC_WARN_UNUSED_FUNCTION = YES;
				GCC_WARN_UNUSED_VARIABLE = YES;
				IPHONEOS_DEPLOYMENT_TARGET = 7.0;
				ONLY_ACTIVE_ARCH = YES;
				SDKROOT = iphoneos;
				TARGETED_DEVICE_FAMILY = "1,2";
			};
			name = Debug;
		};
		DD53778C17D23DC0002DD416 /* Release */ = {
			isa = XCBuildConfiguration;
			buildSettings = {
				ALWAYS_SEARCH_USER_PATHS = NO;
				CLANG_CXX_LANGUAGE_STANDARD = "gnu++0x";
				CLANG_CXX_LIBRARY = "libc++";
				CLANG_ENABLE_MODULES = YES;
				CLANG_ENABLE_OBJC_ARC = YES;
				CLANG_WARN_BOOL_CONVERSION = YES;
				CLANG_WARN_CONSTANT_CONVERSION = YES;
				CLANG_WARN_DIRECT_OBJC_ISA_USAGE = YES_ERROR;
				CLANG_WARN_EMPTY_BODY = YES;
				CLANG_WARN_ENUM_CONVERSION = YES;
				CLANG_WARN_INT_CONVERSION = YES;
				CLANG_WARN_OBJC_ROOT_CLASS = YES_ERROR;
				CLANG_WARN__DUPLICATE_METHOD_MATCH = YES;
				"CODE_SIGN_IDENTITY[sdk=iphoneos*]" = "iPhone Developer";
				COPY_PHASE_STRIP = YES;
				ENABLE_NS_ASSERTIONS = NO;
				GCC_C_LANGUAGE_STANDARD = gnu99;
				GCC_WARN_ABOUT_RETURN_TYPE = YES_ERROR;
				GCC_WARN_UNDECLARED_SELECTOR = YES;
				GCC_WARN_UNINITIALIZED_AUTOS = YES;
				GCC_WARN_UNUSED_FUNCTION = YES;
				GCC_WARN_UNUSED_VARIABLE = YES;
				IPHONEOS_DEPLOYMENT_TARGET = 7.0;
				SDKROOT = iphoneos;
				TARGETED_DEVICE_FAMILY = "1,2";
				VALIDATE_PRODUCT = YES;
			};
			name = Release;
		};
		DD53778E17D23DC0002DD416 /* Debug */ = {
			isa = XCBuildConfiguration;
			buildSettings = {
				ASSETCATALOG_COMPILER_APPICON_NAME = AppIcon;
				ASSETCATALOG_COMPILER_LAUNCHIMAGE_NAME = LaunchImage;
				CODE_SIGN_IDENTITY = "iPhone Developer";
				GCC_PRECOMPILE_PREFIX_HEADER = YES;
				GCC_PREFIX_HEADER = "HelloCamera/HelloCamera-Prefix.pch";
				INFOPLIST_FILE = "HelloCamera/HelloCamera-Info.plist";
				IPHONEOS_DEPLOYMENT_TARGET = 7.0;
				PRODUCT_NAME = "$(TARGET_NAME)";
				WRAPPER_EXTENSION = app;
			};
			name = Debug;
		};
		DD53778F17D23DC0002DD416 /* Release */ = {
			isa = XCBuildConfiguration;
			buildSettings = {
				ASSETCATALOG_COMPILER_APPICON_NAME = AppIcon;
				ASSETCATALOG_COMPILER_LAUNCHIMAGE_NAME = LaunchImage;
				CODE_SIGN_IDENTITY = "iPhone Developer";
				GCC_PRECOMPILE_PREFIX_HEADER = YES;
				GCC_PREFIX_HEADER = "HelloCamera/HelloCamera-Prefix.pch";
				INFOPLIST_FILE = "HelloCamera/HelloCamera-Info.plist";
				IPHONEOS_DEPLOYMENT_TARGET = 7.0;
				PRODUCT_NAME = "$(TARGET_NAME)";
				WRAPPER_EXTENSION = app;
			};
			name = Release;
		};
		DD53779117D23DC0002DD416 /* Debug */ = {
			isa = XCBuildConfiguration;
			buildSettings = {
				BUNDLE_LOADER = "$(BUILT_PRODUCTS_DIR)/HelloCamera.app/HelloCamera";
				FRAMEWORK_SEARCH_PATHS = (
					"$(SDKROOT)/Developer/Library/Frameworks",
					"$(inherited)",
					"$(SYSTEM_APPS_DIR)/Xcode5-DP.app/Contents/Developer/Library/Frameworks",
				);
				GCC_PRECOMPILE_PREFIX_HEADER = YES;
				GCC_PREFIX_HEADER = "HelloCamera/HelloCamera-Prefix.pch";
				GCC_PREPROCESSOR_DEFINITIONS = (
					"DEBUG=1",
					"$(inherited)",
				);
				INFOPLIST_FILE = "HelloCameraTests/HelloCameraTests-Info.plist";
				PRODUCT_NAME = "$(TARGET_NAME)";
				TEST_HOST = "$(BUNDLE_LOADER)";
				WRAPPER_EXTENSION = xctest;
			};
			name = Debug;
		};
		DD53779217D23DC0002DD416 /* Release */ = {
			isa = XCBuildConfiguration;
			buildSettings = {
				BUNDLE_LOADER = "$(BUILT_PRODUCTS_DIR)/HelloCamera.app/HelloCamera";
				FRAMEWORK_SEARCH_PATHS = (
					"$(SDKROOT)/Developer/Library/Frameworks",
					"$(inherited)",
					"$(SYSTEM_APPS_DIR)/Xcode5-DP.app/Contents/Developer/Library/Frameworks",
				);
				GCC_PRECOMPILE_PREFIX_HEADER = YES;
				GCC_PREFIX_HEADER = "HelloCamera/HelloCamera-Prefix.pch";
				INFOPLIST_FILE = "HelloCameraTests/HelloCameraTests-Info.plist";
				PRODUCT_NAME = "$(TARGET_NAME)";
				TEST_HOST = "$(BUNDLE_LOADER)";
				WRAPPER_EXTENSION = xctest;
			};
			name = Release;
		};
/* End XCBuildConfiguration section */

/* Begin XCConfigurationList section */
		DD53775317D23DBF002DD416 /* Build configuration list for PBXProject "HelloCamera" */ = {
			isa = XCConfigurationList;
			buildConfigurations = (
				DD53778B17D23DC0002DD416 /* Debug */,
				DD53778C17D23DC0002DD416 /* Release */,
			);
			defaultConfigurationIsVisible = 0;
			defaultConfigurationName = Release;
		};
		DD53778D17D23DC0002DD416 /* Build configuration list for PBXNativeTarget "HelloCamera" */ = {
			isa = XCConfigurationList;
			buildConfigurations = (
				DD53778E17D23DC0002DD416 /* Debug */,
				DD53778F17D23DC0002DD416 /* Release */,
			);
			defaultConfigurationIsVisible = 0;
			defaultConfigurationName = Release;
		};
		DD53779017D23DC0002DD416 /* Build configuration list for PBXNativeTarget "HelloCameraTests" */ = {
			isa = XCConfigurationList;
			buildConfigurations = (
				DD53779117D23DC0002DD416 /* Debug */,
				DD53779217D23DC0002DD416 /* Release */,
			);
			defaultConfigurationIsVisible = 0;
			defaultConfigurationName = Release;
		};
/* End XCConfigurationList section */
	};
	rootObject = DD53775017D23DBF002DD416 /* Project object */;
}
