// !$*UTF8*$!
{
	archiveVersion = 1;
	classes = {
	};
	objectVersion = 46;
	objects = {

/* Begin PBXBuildFile section */
		B36951441C92524C0034C2EB /* AppDelegate.swift in Sources */ = {isa = PBXBuildFile; fileRef = B36951431C92524C0034C2EB /* AppDelegate.swift */; };
		B36951461C92524C0034C2EB /* ViewController.swift in Sources */ = {isa = PBXBuildFile; fileRef = B36951451C92524C0034C2EB /* ViewController.swift */; };
		B36951491C92524C0034C2EB /* Main.storyboard in Resources */ = {isa = PBXBuildFile; fileRef = B36951471C92524C0034C2EB /* Main.storyboard */; };
		B369514B1C92524C0034C2EB /* Assets.xcassets in Resources */ = {isa = PBXBuildFile; fileRef = B369514A1C92524C0034C2EB /* Assets.xcassets */; };
		B369514E1C92524C0034C2EB /* LaunchScreen.storyboard in Resources */ = {isa = PBXBuildFile; fileRef = B369514C1C92524C0034C2EB /* LaunchScreen.storyboard */; };
		B36951561C9255D30034C2EB /* musica.mp3 in Resources */ = {isa = PBXBuildFile; fileRef = B36951551C9255D30034C2EB /* musica.mp3 */; };
/* End PBXBuildFile section */

/* Begin PBXFileReference section */
		B36951401C92524C0034C2EB /* Demo_MusicPlayer.app */ = {isa = PBXFileReference; explicitFileType = wrapper.application; includeInIndex = 0; path = Demo_MusicPlayer.app; sourceTree = BUILT_PRODUCTS_DIR; };
		B36951431C92524C0034C2EB /* AppDelegate.swift */ = {isa = PBXFileReference; lastKnownFileType = sourcecode.swift; path = AppDelegate.swift; sourceTree = "<group>"; };
		B36951451C92524C0034C2EB /* ViewController.swift */ = {isa = PBXFileReference; lastKnownFileType = sourcecode.swift; path = ViewController.swift; sourceTree = "<group>"; };
		B36951481C92524C0034C2EB /* Base */ = {isa = PBXFileReference; lastKnownFileType = file.storyboard; name = Base; path = Base.lproj/Main.storyboard; sourceTree = "<group>"; };
		B369514A1C92524C0034C2EB /* Assets.xcassets */ = {isa = PBXFileReference; lastKnownFileType = folder.assetcatalog; path = Assets.xcassets; sourceTree = "<group>"; };
		B369514D1C92524C0034C2EB /* Base */ = {isa = PBXFileReference; lastKnownFileType = file.storyboard; name = Base; path = Base.lproj/LaunchScreen.storyboard; sourceTree = "<group>"; };
		B369514F1C92524C0034C2EB /* Info.plist */ = {isa = PBXFileReference; lastKnownFileType = text.plist.xml; path = Info.plist; sourceTree = "<group>"; };
		B36951551C9255D30034C2EB /* musica.mp3 */ = {isa = PBXFileReference; lastKnownFileType = audio.mp3; path = musica.mp3; sourceTree = "<group>"; };
/* End PBXFileReference section */

/* Begin PBXFrameworksBuildPhase section */
		B369513D1C92524C0034C2EB /* Frameworks */ = {
			isa = PBXFrameworksBuildPhase;
			buildActionMask = 2147483647;
			files = (
			);
			runOnlyForDeploymentPostprocessing = 0;
		};
/* End PBXFrameworksBuildPhase section */

/* Begin PBXGroup section */
		B36951371C92524B0034C2EB = {
			isa = PBXGroup;
			children = (
				B36951421C92524C0034C2EB /* Demo_MusicPlayer */,
				B36951411C92524C0034C2EB /* Products */,
			);
			sourceTree = "<group>";
		};
		B36951411C92524C0034C2EB /* Products */ = {
			isa = PBXGroup;
			children = (
				B36951401C92524C0034C2EB /* Demo_MusicPlayer.app */,
			);
			name = Products;
			sourceTree = "<group>";
		};
		B36951421C92524C0034C2EB /* Demo_MusicPlayer */ = {
			isa = PBXGroup;
			children = (
				B36951431C92524C0034C2EB /* AppDelegate.swift */,
				B36951451C92524C0034C2EB /* ViewController.swift */,
				B36951471C92524C0034C2EB /* Main.storyboard */,
				B369514A1C92524C0034C2EB /* Assets.xcassets */,
				B369514C1C92524C0034C2EB /* LaunchScreen.storyboard */,
				B369514F1C92524C0034C2EB /* Info.plist */,
				B36951551C9255D30034C2EB /* musica.mp3 */,
			);
			path = Demo_MusicPlayer;
			sourceTree = "<group>";
		};
/* End PBXGroup section */

/* Begin PBXNativeTarget section */
		B369513F1C92524C0034C2EB /* Demo_MusicPlayer */ = {
			isa = PBXNativeTarget;
			buildConfigurationList = B36951521C92524C0034C2EB /* Build configuration list for PBXNativeTarget "Demo_MusicPlayer" */;
			buildPhases = (
				B369513C1C92524C0034C2EB /* Sources */,
				B369513D1C92524C0034C2EB /* Frameworks */,
				B369513E1C92524C0034C2EB /* Resources */,
			);
			buildRules = (
			);
			dependencies = (
			);
			name = Demo_MusicPlayer;
			productName = Demo_MusicPlayer;
			productReference = B36951401C92524C0034C2EB /* Demo_MusicPlayer.app */;
			productType = "com.apple.product-type.application";
		};
/* End PBXNativeTarget section */

/* Begin PBXProject section */
		B36951381C92524B0034C2EB /* Project object */ = {
			isa = PBXProject;
			attributes = {
				LastSwiftUpdateCheck = 0720;
				LastUpgradeCheck = 0720;
				ORGANIZATIONNAME = Pixonsoft;
				TargetAttributes = {
					B369513F1C92524C0034C2EB = {
						CreatedOnToolsVersion = 7.2.1;
					};
				};
			};
			buildConfigurationList = B369513B1C92524B0034C2EB /* Build configuration list for PBXProject "Demo_MusicPlayer" */;
			compatibilityVersion = "Xcode 3.2";
			developmentRegion = English;
			hasScannedForEncodings = 0;
			knownRegions = (
				en,
				Base,
			);
			mainGroup = B36951371C92524B0034C2EB;
			productRefGroup = B36951411C92524C0034C2EB /* Products */;
			projectDirPath = "";
			projectRoot = "";
			targets = (
				B369513F1C92524C0034C2EB /* Demo_MusicPlayer */,
			);
		};
/* End PBXProject section */

/* Begin PBXResourcesBuildPhase section */
		B369513E1C92524C0034C2EB /* Resources */ = {
			isa = PBXResourcesBuildPhase;
			buildActionMask = 2147483647;
			files = (
				B369514E1C92524C0034C2EB /* LaunchScreen.storyboard in Resources */,
				B369514B1C92524C0034C2EB /* Assets.xcassets in Resources */,
				B36951561C9255D30034C2EB /* musica.mp3 in Resources */,
				B36951491C92524C0034C2EB /* Main.storyboard in Resources */,
			);
			runOnlyForDeploymentPostprocessing = 0;
		};
/* End PBXResourcesBuildPhase section */

/* Begin PBXSourcesBuildPhase section */
		B369513C1C92524C0034C2EB /* Sources */ = {
			isa = PBXSourcesBuildPhase;
			buildActionMask = 2147483647;
			files = (
				B36951461C92524C0034C2EB /* ViewController.swift in Sources */,
				B36951441C92524C0034C2EB /* AppDelegate.swift in Sources */,
			);
			runOnlyForDeploymentPostprocessing = 0;
		};
/* End PBXSourcesBuildPhase section */

/* Begin PBXVariantGroup section */
		B36951471C92524C0034C2EB /* Main.storyboard */ = {
			isa = PBXVariantGroup;
			children = (
				B36951481C92524C0034C2EB /* Base */,
			);
			name = Main.storyboard;
			sourceTree = "<group>";
		};
		B369514C1C92524C0034C2EB /* LaunchScreen.storyboard */ = {
			isa = PBXVariantGroup;
			children = (
				B369514D1C92524C0034C2EB /* Base */,
			);
			name = LaunchScreen.storyboard;
			sourceTree = "<group>";
		};
/* End PBXVariantGroup section */

/* Begin XCBuildConfiguration section */
		B36951501C92524C0034C2EB /* Debug */ = {
			isa = XCBuildConfiguration;
			buildSettings = {
				ALWAYS_SEARCH_USER_PATHS = NO;
				CLANG_CXX_LANGUAGE_STANDARD = "gnu++0x";
				CLANG_CXX_LIBRARY = "libc++";
				CLANG_ENABLE_MODULES = YES;
				CLANG_ENABLE_OBJC_ARC = YES;
				CLANG_WARN_BOOL_CONVERSION = YES;
				CLANG_WARN_CONSTANT_CONVERSION = YES;
				CLANG_WARN_DIRECT_OBJC_ISA_USAGE = YES_ERROR;
				CLANG_WARN_EMPTY_BODY = YES;
				CLANG_WARN_ENUM_CONVERSION = YES;
				CLANG_WARN_INT_CONVERSION = YES;
				CLANG_WARN_OBJC_ROOT_CLASS = YES_ERROR;
				CLANG_WARN_UNREACHABLE_CODE = YES;
				CLANG_WARN__DUPLICATE_METHOD_MATCH = YES;
				"CODE_SIGN_IDENTITY[sdk=iphoneos*]" = "iPhone Developer";
				COPY_PHASE_STRIP = NO;
				DEBUG_INFORMATION_FORMAT = dwarf;
				ENABLE_STRICT_OBJC_MSGSEND = YES;
				ENABLE_TESTABILITY = YES;
				GCC_C_LANGUAGE_STANDARD = gnu99;
				GCC_DYNAMIC_NO_PIC = NO;
				GCC_NO_COMMON_BLOCKS = YES;
				GCC_OPTIMIZATION_LEVEL = 0;
				GCC_PREPROCESSOR_DEFINITIONS = (
					"DEBUG=1",
					"$(inherited)",
				);
				GCC_WARN_64_TO_32_BIT_CONVERSION = YES;
				GCC_WARN_ABOUT_RETURN_TYPE = YES_ERROR;
				GCC_WARN_UNDECLARED_SELECTOR = YES;
				GCC_WARN_UNINITIALIZED_AUTOS = YES_AGGRESSIVE;
				GCC_WARN_UNUSED_FUNCTION = YES;
				GCC_WARN_UNUSED_VARIABLE = YES;
				IPHONEOS_DEPLOYMENT_TARGET = 9.2;
				MTL_ENABLE_DEBUG_INFO = YES;
				ONLY_ACTIVE_ARCH = YES;
				SDKROOT = iphoneos;
				SWIFT_OPTIMIZATION_LEVEL = "-Onone";
			};
			name = Debug;
		};
		B36951511C92524C0034C2EB /* Release */ = {
			isa = XCBuildConfiguration;
			buildSettings = {
				ALWAYS_SEARCH_USER_PATHS = NO;
				CLANG_CXX_LANGUAGE_STANDARD = "gnu++0x";
				CLANG_CXX_LIBRARY = "libc++";
				CLANG_ENABLE_MODULES = YES;
				CLANG_ENABLE_OBJC_ARC = YES;
				CLANG_WARN_BOOL_CONVERSION = YES;
				CLANG_WARN_CONSTANT_CONVERSION = YES;
				CLANG_WARN_DIRECT_OBJC_ISA_USAGE = YES_ERROR;
				CLANG_WARN_EMPTY_BODY = YES;
				CLANG_WARN_ENUM_CONVERSION = YES;
				CLANG_WARN_INT_CONVERSION = YES;
				CLANG_WARN_OBJC_ROOT_CLASS = YES_ERROR;
				CLANG_WARN_UNREACHABLE_CODE = YES;
				CLANG_WARN__DUPLICATE_METHOD_MATCH = YES;
				"CODE_SIGN_IDENTITY[sdk=iphoneos*]" = "iPhone Developer";
				COPY_PHASE_STRIP = NO;
				DEBUG_INFORMATION_FORMAT = "dwarf-with-dsym";
				ENABLE_NS_ASSERTIONS = NO;
				ENABLE_STRICT_OBJC_MSGSEND = YES;
				GCC_C_LANGUAGE_STANDARD = gnu99;
				GCC_NO_COMMON_BLOCKS = YES;
				GCC_WARN_64_TO_32_BIT_CONVERSION = YES;
				GCC_WARN_ABOUT_RETURN_TYPE = YES_ERROR;
				GCC_WARN_UNDECLARED_SELECTOR = YES;
				GCC_WARN_UNINITIALIZED_AUTOS = YES_AGGRESSIVE;
				GCC_WARN_UNUSED_FUNCTION = YES;
				GCC_WARN_UNUSED_VARIABLE = YES;
				IPHONEOS_DEPLOYMENT_TARGET = 9.2;
				MTL_ENABLE_DEBUG_INFO = NO;
				SDKROOT = iphoneos;
				VALIDATE_PRODUCT = YES;
			};
			name = Release;
		};
		B36951531C92524C0034C2EB /* Debug */ = {
			isa = XCBuildConfiguration;
			buildSettings = {
				ASSETCATALOG_COMPILER_APPICON_NAME = AppIcon;
				INFOPLIST_FILE = Demo_MusicPlayer/Info.plist;
				LD_RUNPATH_SEARCH_PATHS = "$(inherited) @executable_path/Frameworks";
				PRODUCT_BUNDLE_IDENTIFIER = "com.pixonsoft.Demo-MusicPlayer";
				PRODUCT_NAME = "$(TARGET_NAME)";
			};
			name = Debug;
		};
		B36951541C92524C0034C2EB /* Release */ = {
			isa = XCBuildConfiguration;
			buildSettings = {
				ASSETCATALOG_COMPILER_APPICON_NAME = AppIcon;
				INFOPLIST_FILE = Demo_MusicPlayer/Info.plist;
				LD_RUNPATH_SEARCH_PATHS = "$(inherited) @executable_path/Frameworks";
				PRODUCT_BUNDLE_IDENTIFIER = "com.pixonsoft.Demo-MusicPlayer";
				PRODUCT_NAME = "$(TARGET_NAME)";
			};
			name = Release;
		};
/* End XCBuildConfiguration section */

/* Begin XCConfigurationList section */
		B369513B1C92524B0034C2EB /* Build configuration list for PBXProject "Demo_MusicPlayer" */ = {
			isa = XCConfigurationList;
			buildConfigurations = (
				B36951501C92524C0034C2EB /* Debug */,
				B36951511C92524C0034C2EB /* Release */,
			);
			defaultConfigurationIsVisible = 0;
			defaultConfigurationName = Release;
		};
		B36951521C92524C0034C2EB /* Build configuration list for PBXNativeTarget "Demo_MusicPlayer" */ = {
			isa = XCConfigurationList;
			buildConfigurations = (
				B36951531C92524C0034C2EB /* Debug */,
				B36951541C92524C0034C2EB /* Release */,
			);
			defaultConfigurationIsVisible = 0;
		};
/* End XCConfigurationList section */
	};
	rootObject = B36951381C92524B0034C2EB /* Project object */;
}
